// !$*UTF8*$!
{
	archiveVersion = 1;
	classes = {
	};
	objectVersion = 46;
	objects = {

/* Begin PBXBuildFile section */
		EF361BD01E3062C100671564 /* main.m in Sources */ = {isa = PBXBuildFile; fileRef = EF361BCF1E3062C100671564 /* main.m */; };
		EF361BD81E3062F300671564 /* Person.m in Sources */ = {isa = PBXBuildFile; fileRef = EF361BD71E3062F300671564 /* Person.m */; };
		EF361BDB1E30630200671564 /* Student.m in Sources */ = {isa = PBXBuildFile; fileRef = EF361BDA1E30630200671564 /* Student.m */; };
		EF361BDE1E30631B00671564 /* UniversityStudent.m in Sources */ = {isa = PBXBuildFile; fileRef = EF361BDD1E30631B00671564 /* UniversityStudent.m */; };
/* End PBXBuildFile section */

/* Begin PBXCopyFilesBuildPhase section */
		EF361BCA1E3062C100671564 /* CopyFiles */ = {
			isa = PBXCopyFilesBuildPhase;
			buildActionMask = 2147483647;
			dstPath = /usr/share/man/man1/;
			dstSubfolderSpec = 0;
			files = (
			);
			runOnlyForDeploymentPostprocessing = 1;
		};
/* End PBXCopyFilesBuildPhase section */

/* Begin PBXFileReference section */
		EF361BCC1E3062C100671564 /* 0119Person */ = {isa = PBXFileReference; explicitFileType = "compiled.mach-o.executable"; includeInIndex = 0; path = 0119Person; sourceTree = BUILT_PRODUCTS_DIR; };
		EF361BCF1E3062C100671564 /* main.m */ = {isa = PBXFileReference; lastKnownFileType = sourcecode.c.objc; path = main.m; sourceTree = "<group>"; };
		EF361BD61E3062F300671564 /* Person.h */ = {isa = PBXFileReference; fileEncoding = 4; lastKnownFileType = sourcecode.c.h; path = Person.h; sourceTree = "<group>"; };
		EF361BD71E3062F300671564 /* Person.m */ = {isa = PBXFileReference; fileEncoding = 4; lastKnownFileType = sourcecode.c.objc; path = Person.m; sourceTree = "<group>"; };
		EF361BD91E30630200671564 /* Student.h */ = {isa = PBXFileReference; fileEncoding = 4; lastKnownFileType = sourcecode.c.h; path = Student.h; sourceTree = "<group>"; };
		EF361BDA1E30630200671564 /* Student.m */ = {isa = PBXFileReference; fileEncoding = 4; lastKnownFileType = sourcecode.c.objc; path = Student.m; sourceTree = "<group>"; };
		EF361BDC1E30631B00671564 /* UniversityStudent.h */ = {isa = PBXFileReference; fileEncoding = 4; lastKnownFileType = sourcecode.c.h; path = UniversityStudent.h; sourceTree = "<group>"; };
		EF361BDD1E30631B00671564 /* UniversityStudent.m */ = {isa = PBXFileReference; fileEncoding = 4; lastKnownFileType = sourcecode.c.objc; path = UniversityStudent.m; sourceTree = "<group>"; };
/* End PBXFileReference section */

/* Begin PBXFrameworksBuildPhase section */
		EF361BC91E3062C100671564 /* Frameworks */ = {
			isa = PBXFrameworksBuildPhase;
			buildActionMask = 2147483647;
			files = (
			);
			runOnlyForDeploymentPostprocessing = 0;
		};
/* End PBXFrameworksBuildPhase section */

/* Begin PBXGroup section */
		EF361BC31E3062C100671564 = {
			isa = PBXGroup;
			children = (
				EF361BCE1E3062C100671564 /* 0119Person */,
				EF361BCD1E3062C100671564 /* Products */,
			);
			sourceTree = "<group>";
		};
		EF361BCD1E3062C100671564 /* Products */ = {
			isa = PBXGroup;
			children = (
				EF361BCC1E3062C100671564 /* 0119Person */,
			);
			name = Products;
			sourceTree = "<group>";
		};
		EF361BCE1E3062C100671564 /* 0119Person */ = {
			isa = PBXGroup;
			children = (
				EF361BCF1E3062C100671564 /* main.m */,
				EF361BD61E3062F300671564 /* Person.h */,
				EF361BD71E3062F300671564 /* Person.m */,
				EF361BD91E30630200671564 /* Student.h */,
				EF361BDA1E30630200671564 /* Student.m */,
				EF361BDC1E30631B00671564 /* UniversityStudent.h */,
				EF361BDD1E30631B00671564 /* UniversityStudent.m */,
			);
			path = 0119Person;
			sourceTree = "<group>";
		};
/* End PBXGroup section */

/* Begin PBXNativeTarget section */
		EF361BCB1E3062C100671564 /* 0119Person */ = {
			isa = PBXNativeTarget;
			buildConfigurationList = EF361BD31E3062C100671564 /* Build configuration list for PBXNativeTarget "0119Person" */;
			buildPhases = (
				EF361BC81E3062C100671564 /* Sources */,
				EF361BC91E3062C100671564 /* Frameworks */,
				EF361BCA1E3062C100671564 /* CopyFiles */,
			);
			buildRules = (
			);
			dependencies = (
			);
			name = 0119Person;
			productName = 0119Person;
			productReference = EF361BCC1E3062C100671564 /* 0119Person */;
			productType = "com.apple.product-type.tool";
		};
/* End PBXNativeTarget section */

/* Begin PBXProject section */
		EF361BC41E3062C100671564 /* Project object */ = {
			isa = PBXProject;
			attributes = {
				LastUpgradeCheck = 0820;
				ORGANIZATIONNAME = "Hanson Jung";
				TargetAttributes = {
					EF361BCB1E3062C100671564 = {
						CreatedOnToolsVersion = 8.2.1;
						ProvisioningStyle = Automatic;
					};
				};
			};
			buildConfigurationList = EF361BC71E3062C100671564 /* Build configuration list for PBXProject "0119Person" */;
			compatibilityVersion = "Xcode 3.2";
			developmentRegion = English;
			hasScannedForEncodings = 0;
			knownRegions = (
				en,
			);
			mainGroup = EF361BC31E3062C100671564;
			productRefGroup = EF361BCD1E3062C100671564 /* Products */;
			projectDirPath = "";
			projectRoot = "";
			targets = (
				EF361BCB1E3062C100671564 /* 0119Person */,
			);
		};
/* End PBXProject section */

/* Begin PBXSourcesBuildPhase section */
		EF361BC81E3062C100671564 /* Sources */ = {
			isa = PBXSourcesBuildPhase;
			buildActionMask = 2147483647;
			files = (
				EF361BD81E3062F300671564 /* Person.m in Sources */,
				EF361BD01E3062C100671564 /* main.m in Sources */,
				EF361BDB1E30630200671564 /* Student.m in Sources */,
				EF361BDE1E30631B00671564 /* UniversityStudent.m in Sources */,
			);
			runOnlyForDeploymentPostprocessing = 0;
		};
/* End PBXSourcesBuildPhase section */

/* Begin XCBuildConfiguration section */
		EF361BD11E3062C100671564 /* Debug */ = {
			isa = XCBuildConfiguration;
			buildSettings = {
				ALWAYS_SEARCH_USER_PATHS = NO;
				CLANG_ANALYZER_NONNULL = YES;
				CLANG_CXX_LANGUAGE_STANDARD = "gnu++0x";
				CLANG_CXX_LIBRARY = "libc++";
				CLANG_ENABLE_MODULES = YES;
				CLANG_ENABLE_OBJC_ARC = YES;
				CLANG_WARN_BOOL_CONVERSION = YES;
				CLANG_WARN_CONSTANT_CONVERSION = YES;
				CLANG_WARN_DIRECT_OBJC_ISA_USAGE = YES_ERROR;
				CLANG_WARN_DOCUMENTATION_COMMENTS = YES;
				CLANG_WARN_EMPTY_BODY = YES;
				CLANG_WARN_ENUM_CONVERSION = YES;
				CLANG_WARN_INFINITE_RECURSION = YES;
				CLANG_WARN_INT_CONVERSION = YES;
				CLANG_WARN_OBJC_ROOT_CLASS = YES_ERROR;
				CLANG_WARN_SUSPICIOUS_MOVE = YES;
				CLANG_WARN_UNREACHABLE_CODE = YES;
				CLANG_WARN__DUPLICATE_METHOD_MATCH = YES;
				CODE_SIGN_IDENTITY = "-";
				COPY_PHASE_STRIP = NO;
				DEBUG_INFORMATION_FORMAT = dwarf;
				ENABLE_STRICT_OBJC_MSGSEND = YES;
				ENABLE_TESTABILITY = YES;
				GCC_C_LANGUAGE_STANDARD = gnu99;
				GCC_DYNAMIC_NO_PIC = NO;
				GCC_NO_COMMON_BLOCKS = YES;
				GCC_OPTIMIZATION_LEVEL = 0;
				GCC_PREPROCESSOR_DEFINITIONS = (
					"DEBUG=1",
					"$(inherited)",
				);
				GCC_WARN_64_TO_32_BIT_CONVERSION = YES;
				GCC_WARN_ABOUT_RETURN_TYPE = YES_ERROR;
				GCC_WARN_UNDECLARED_SELECTOR = YES;
				GCC_WARN_UNINITIALIZED_AUTOS = YES_AGGRESSIVE;
				GCC_WARN_UNUSED_FUNCTION = YES;
				GCC_WARN_UNUSED_VARIABLE = YES;
				MACOSX_DEPLOYMENT_TARGET = 10.12;
				MTL_ENABLE_DEBUG_INFO = YES;
				ONLY_ACTIVE_ARCH = YES;
				SDKROOT = macosx;
			};
			name = Debug;
		};
		EF361BD21E3062C100671564 /* Release */ = {
			isa = XCBuildConfiguration;
			buildSettings = {
				ALWAYS_SEARCH_USER_PATHS = NO;
				CLANG_ANALYZER_NONNULL = YES;
				CLANG_CXX_LANGUAGE_STANDARD = "gnu++0x";
				CLANG_CXX_LIBRARY = "libc++";
				CLANG_ENABLE_MODULES = YES;
				CLANG_ENABLE_OBJC_ARC = YES;
				CLANG_WARN_BOOL_CONVERSION = YES;
				CLANG_WARN_CONSTANT_CONVERSION = YES;
				CLANG_WARN_DIRECT_OBJC_ISA_USAGE = YES_ERROR;
				CLANG_WARN_DOCUMENTATION_COMMENTS = YES;
				CLANG_WARN_EMPTY_BODY = YES;
				CLANG_WARN_ENUM_CONVERSION = YES;
				CLANG_WARN_INFINITE_RECURSION = YES;
				CLANG_WARN_INT_CONVERSION = YES;
				CLANG_WARN_OBJC_ROOT_CLASS = YES_ERROR;
				CLANG_WARN_SUSPICIOUS_MOVE = YES;
				CLANG_WARN_UNREACHABLE_CODE = YES;
				CLANG_WARN__DUPLICATE_METHOD_MATCH = YES;
				CODE_SIGN_IDENTITY = "-";
				COPY_PHASE_STRIP = NO;
				DEBUG_INFORMATION_FORMAT = "dwarf-with-dsym";
				ENABLE_NS_ASSERTIONS = NO;
				ENABLE_STRICT_OBJC_MSGSEND = YES;
				GCC_C_LANGUAGE_STANDARD = gnu99;
				GCC_NO_COMMON_BLOCKS = YES;
				GCC_WARN_64_TO_32_BIT_CONVERSION = YES;
				GCC_WARN_ABOUT_RETURN_TYPE = YES_ERROR;
				GCC_WARN_UNDECLARED_SELECTOR = YES;
				GCC_WARN_UNINITIALIZED_AUTOS = YES_AGGRESSIVE;
				GCC_WARN_UNUSED_FUNCTION = YES;
				GCC_WARN_UNUSED_VARIABLE = YES;
				MACOSX_DEPLOYMENT_TARGET = 10.12;
				MTL_ENABLE_DEBUG_INFO = NO;
				SDKROOT = macosx;
			};
			name = Release;
		};
		EF361BD41E3062C100671564 /* Debug */ = {
			isa = XCBuildConfiguration;
			buildSettings = {
				PRODUCT_NAME = "$(TARGET_NAME)";
			};
			name = Debug;
		};
		EF361BD51E3062C100671564 /* Release */ = {
			isa = XCBuildConfiguration;
			buildSettings = {
				PRODUCT_NAME = "$(TARGET_NAME)";
			};
			name = Release;
		};
/* End XCBuildConfiguration section */

/* Begin XCConfigurationList section */
		EF361BC71E3062C100671564 /* Build configuration list for PBXProject "0119Person" */ = {
			isa = XCConfigurationList;
			buildConfigurations = (
				EF361BD11E3062C100671564 /* Debug */,
				EF361BD21E3062C100671564 /* Release */,
			);
			defaultConfigurationIsVisible = 0;
			defaultConfigurationName = Release;
		};
		EF361BD31E3062C100671564 /* Build configuration list for PBXNativeTarget "0119Person" */ = {
			isa = XCConfigurationList;
			buildConfigurations = (
				EF361BD41E3062C100671564 /* Debug */,
				EF361BD51E3062C100671564 /* Release */,
			);
			defaultConfigurationIsVisible = 0;
		};
/* End XCConfigurationList section */
	};
	rootObject = EF361BC41E3062C100671564 /* Project object */;
}
