// !$*UTF8*$!
{
	archiveVersion = 1;
	classes = {
	};
	objectVersion = 46;
	objects = {

/* Begin PBXBuildFile section */
		EFB661581E63C19400D2A977 /* main.m in Sources */ = {isa = PBXBuildFile; fileRef = EFB661571E63C19400D2A977 /* main.m */; };
		EFB6615B1E63C19400D2A977 /* AppDelegate.m in Sources */ = {isa = PBXBuildFile; fileRef = EFB6615A1E63C19400D2A977 /* AppDelegate.m */; };
		EFB6615E1E63C19400D2A977 /* ViewController.m in Sources */ = {isa = PBXBuildFile; fileRef = EFB6615D1E63C19400D2A977 /* ViewController.m */; };
		EFB661611E63C19400D2A977 /* Main.storyboard in Resources */ = {isa = PBXBuildFile; fileRef = EFB6615F1E63C19400D2A977 /* Main.storyboard */; };
		EFB661631E63C19400D2A977 /* Assets.xcassets in Resources */ = {isa = PBXBuildFile; fileRef = EFB661621E63C19400D2A977 /* Assets.xcassets */; };
		EFB661661E63C19400D2A977 /* LaunchScreen.storyboard in Resources */ = {isa = PBXBuildFile; fileRef = EFB661641E63C19400D2A977 /* LaunchScreen.storyboard */; };
		EFB6616F1E63CC5F00D2A977 /* CustomView.m in Sources */ = {isa = PBXBuildFile; fileRef = EFB6616E1E63CC5F00D2A977 /* CustomView.m */; };
		EFB661721E63D09A00D2A977 /* SecondViewController.m in Sources */ = {isa = PBXBuildFile; fileRef = EFB661711E63D09A00D2A977 /* SecondViewController.m */; };
		EFB6617A1E64000800D2A977 /* DeadpoolShocked.jpg in Resources */ = {isa = PBXBuildFile; fileRef = EFB661791E64000800D2A977 /* DeadpoolShocked.jpg */; };
/* End PBXBuildFile section */

/* Begin PBXFileReference section */
		EFB661531E63C19400D2A977 /* StoryBoard.app */ = {isa = PBXFileReference; explicitFileType = wrapper.application; includeInIndex = 0; path = StoryBoard.app; sourceTree = BUILT_PRODUCTS_DIR; };
		EFB661571E63C19400D2A977 /* main.m */ = {isa = PBXFileReference; lastKnownFileType = sourcecode.c.objc; path = main.m; sourceTree = "<group>"; };
		EFB661591E63C19400D2A977 /* AppDelegate.h */ = {isa = PBXFileReference; lastKnownFileType = sourcecode.c.h; path = AppDelegate.h; sourceTree = "<group>"; };
		EFB6615A1E63C19400D2A977 /* AppDelegate.m */ = {isa = PBXFileReference; lastKnownFileType = sourcecode.c.objc; path = AppDelegate.m; sourceTree = "<group>"; };
		EFB6615C1E63C19400D2A977 /* ViewController.h */ = {isa = PBXFileReference; lastKnownFileType = sourcecode.c.h; path = ViewController.h; sourceTree = "<group>"; };
		EFB6615D1E63C19400D2A977 /* ViewController.m */ = {isa = PBXFileReference; lastKnownFileType = sourcecode.c.objc; path = ViewController.m; sourceTree = "<group>"; };
		EFB661601E63C19400D2A977 /* Base */ = {isa = PBXFileReference; lastKnownFileType = file.storyboard; name = Base; path = Base.lproj/Main.storyboard; sourceTree = "<group>"; };
		EFB661621E63C19400D2A977 /* Assets.xcassets */ = {isa = PBXFileReference; lastKnownFileType = folder.assetcatalog; path = Assets.xcassets; sourceTree = "<group>"; };
		EFB661651E63C19400D2A977 /* Base */ = {isa = PBXFileReference; lastKnownFileType = file.storyboard; name = Base; path = Base.lproj/LaunchScreen.storyboard; sourceTree = "<group>"; };
		EFB661671E63C19400D2A977 /* Info.plist */ = {isa = PBXFileReference; lastKnownFileType = text.plist.xml; path = Info.plist; sourceTree = "<group>"; };
		EFB6616D1E63CC5F00D2A977 /* CustomView.h */ = {isa = PBXFileReference; fileEncoding = 4; lastKnownFileType = sourcecode.c.h; path = CustomView.h; sourceTree = "<group>"; };
		EFB6616E1E63CC5F00D2A977 /* CustomView.m */ = {isa = PBXFileReference; fileEncoding = 4; lastKnownFileType = sourcecode.c.objc; path = CustomView.m; sourceTree = "<group>"; };
		EFB661701E63D09A00D2A977 /* SecondViewController.h */ = {isa = PBXFileReference; fileEncoding = 4; lastKnownFileType = sourcecode.c.h; path = SecondViewController.h; sourceTree = "<group>"; };
		EFB661711E63D09A00D2A977 /* SecondViewController.m */ = {isa = PBXFileReference; fileEncoding = 4; lastKnownFileType = sourcecode.c.objc; path = SecondViewController.m; sourceTree = "<group>"; };
		EFB661791E64000800D2A977 /* DeadpoolShocked.jpg */ = {isa = PBXFileReference; lastKnownFileType = image.jpeg; path = DeadpoolShocked.jpg; sourceTree = "<group>"; };
/* End PBXFileReference section */

/* Begin PBXFrameworksBuildPhase section */
		EFB661501E63C19400D2A977 /* Frameworks */ = {
			isa = PBXFrameworksBuildPhase;
			buildActionMask = 2147483647;
			files = (
			);
			runOnlyForDeploymentPostprocessing = 0;
		};
/* End PBXFrameworksBuildPhase section */

/* Begin PBXGroup section */
		EFB6614A1E63C19400D2A977 = {
			isa = PBXGroup;
			children = (
				EFB661551E63C19400D2A977 /* StoryBoard */,
				EFB661541E63C19400D2A977 /* Products */,
			);
			sourceTree = "<group>";
		};
		EFB661541E63C19400D2A977 /* Products */ = {
			isa = PBXGroup;
			children = (
				EFB661531E63C19400D2A977 /* StoryBoard.app */,
			);
			name = Products;
			sourceTree = "<group>";
		};
		EFB661551E63C19400D2A977 /* StoryBoard */ = {
			isa = PBXGroup;
			children = (
				EFB661591E63C19400D2A977 /* AppDelegate.h */,
				EFB6615A1E63C19400D2A977 /* AppDelegate.m */,
				EFB6615C1E63C19400D2A977 /* ViewController.h */,
				EFB6615D1E63C19400D2A977 /* ViewController.m */,
				EFB661701E63D09A00D2A977 /* SecondViewController.h */,
				EFB661711E63D09A00D2A977 /* SecondViewController.m */,
				EFB6616D1E63CC5F00D2A977 /* CustomView.h */,
				EFB6616E1E63CC5F00D2A977 /* CustomView.m */,
				EFB6615F1E63C19400D2A977 /* Main.storyboard */,
				EFB661791E64000800D2A977 /* DeadpoolShocked.jpg */,
				EFB661621E63C19400D2A977 /* Assets.xcassets */,
				EFB661641E63C19400D2A977 /* LaunchScreen.storyboard */,
				EFB661671E63C19400D2A977 /* Info.plist */,
				EFB661561E63C19400D2A977 /* Supporting Files */,
			);
			path = StoryBoard;
			sourceTree = "<group>";
		};
		EFB661561E63C19400D2A977 /* Supporting Files */ = {
			isa = PBXGroup;
			children = (
				EFB661571E63C19400D2A977 /* main.m */,
			);
			name = "Supporting Files";
			sourceTree = "<group>";
		};
/* End PBXGroup section */

/* Begin PBXNativeTarget section */
		EFB661521E63C19400D2A977 /* StoryBoard */ = {
			isa = PBXNativeTarget;
			buildConfigurationList = EFB6616A1E63C19400D2A977 /* Build configuration list for PBXNativeTarget "StoryBoard" */;
			buildPhases = (
				EFB6614F1E63C19400D2A977 /* Sources */,
				EFB661501E63C19400D2A977 /* Frameworks */,
				EFB661511E63C19400D2A977 /* Resources */,
			);
			buildRules = (
			);
			dependencies = (
			);
			name = StoryBoard;
			productName = StoryBoard;
			productReference = EFB661531E63C19400D2A977 /* StoryBoard.app */;
			productType = "com.apple.product-type.application";
		};
/* End PBXNativeTarget section */

/* Begin PBXProject section */
		EFB6614B1E63C19400D2A977 /* Project object */ = {
			isa = PBXProject;
			attributes = {
				LastUpgradeCheck = 0820;
				ORGANIZATIONNAME = waaoo;
				TargetAttributes = {
					EFB661521E63C19400D2A977 = {
						CreatedOnToolsVersion = 8.2.1;
						ProvisioningStyle = Automatic;
					};
				};
			};
			buildConfigurationList = EFB6614E1E63C19400D2A977 /* Build configuration list for PBXProject "StoryBoard" */;
			compatibilityVersion = "Xcode 3.2";
			developmentRegion = English;
			hasScannedForEncodings = 0;
			knownRegions = (
				en,
				Base,
			);
			mainGroup = EFB6614A1E63C19400D2A977;
			productRefGroup = EFB661541E63C19400D2A977 /* Products */;
			projectDirPath = "";
			projectRoot = "";
			targets = (
				EFB661521E63C19400D2A977 /* StoryBoard */,
			);
		};
/* End PBXProject section */

/* Begin PBXResourcesBuildPhase section */
		EFB661511E63C19400D2A977 /* Resources */ = {
			isa = PBXResourcesBuildPhase;
			buildActionMask = 2147483647;
			files = (
				EFB661661E63C19400D2A977 /* LaunchScreen.storyboard in Resources */,
				EFB661631E63C19400D2A977 /* Assets.xcassets in Resources */,
				EFB661611E63C19400D2A977 /* Main.storyboard in Resources */,
				EFB6617A1E64000800D2A977 /* DeadpoolShocked.jpg in Resources */,
			);
			runOnlyForDeploymentPostprocessing = 0;
		};
/* End PBXResourcesBuildPhase section */

/* Begin PBXSourcesBuildPhase section */
		EFB6614F1E63C19400D2A977 /* Sources */ = {
			isa = PBXSourcesBuildPhase;
			buildActionMask = 2147483647;
			files = (
				EFB661721E63D09A00D2A977 /* SecondViewController.m in Sources */,
				EFB6615E1E63C19400D2A977 /* ViewController.m in Sources */,
				EFB6616F1E63CC5F00D2A977 /* CustomView.m in Sources */,
				EFB6615B1E63C19400D2A977 /* AppDelegate.m in Sources */,
				EFB661581E63C19400D2A977 /* main.m in Sources */,
			);
			runOnlyForDeploymentPostprocessing = 0;
		};
/* End PBXSourcesBuildPhase section */

/* Begin PBXVariantGroup section */
		EFB6615F1E63C19400D2A977 /* Main.storyboard */ = {
			isa = PBXVariantGroup;
			children = (
				EFB661601E63C19400D2A977 /* Base */,
			);
			name = Main.storyboard;
			sourceTree = "<group>";
		};
		EFB661641E63C19400D2A977 /* LaunchScreen.storyboard */ = {
			isa = PBXVariantGroup;
			children = (
				EFB661651E63C19400D2A977 /* Base */,
			);
			name = LaunchScreen.storyboard;
			sourceTree = "<group>";
		};
/* End PBXVariantGroup section */

/* Begin XCBuildConfiguration section */
		EFB661681E63C19400D2A977 /* Debug */ = {
			isa = XCBuildConfiguration;
			buildSettings = {
				ALWAYS_SEARCH_USER_PATHS = NO;
				CLANG_ANALYZER_NONNULL = YES;
				CLANG_CXX_LANGUAGE_STANDARD = "gnu++0x";
				CLANG_CXX_LIBRARY = "libc++";
				CLANG_ENABLE_MODULES = YES;
				CLANG_ENABLE_OBJC_ARC = YES;
				CLANG_WARN_BOOL_CONVERSION = YES;
				CLANG_WARN_CONSTANT_CONVERSION = YES;
				CLANG_WARN_DIRECT_OBJC_ISA_USAGE = YES_ERROR;
				CLANG_WARN_DOCUMENTATION_COMMENTS = YES;
				CLANG_WARN_EMPTY_BODY = YES;
				CLANG_WARN_ENUM_CONVERSION = YES;
				CLANG_WARN_INFINITE_RECURSION = YES;
				CLANG_WARN_INT_CONVERSION = YES;
				CLANG_WARN_OBJC_ROOT_CLASS = YES_ERROR;
				CLANG_WARN_SUSPICIOUS_MOVE = YES;
				CLANG_WARN_UNREACHABLE_CODE = YES;
				CLANG_WARN__DUPLICATE_METHOD_MATCH = YES;
				"CODE_SIGN_IDENTITY[sdk=iphoneos*]" = "iPhone Developer";
				COPY_PHASE_STRIP = NO;
				DEBUG_INFORMATION_FORMAT = dwarf;
				ENABLE_STRICT_OBJC_MSGSEND = YES;
				ENABLE_TESTABILITY = YES;
				GCC_C_LANGUAGE_STANDARD = gnu99;
				GCC_DYNAMIC_NO_PIC = NO;
				GCC_NO_COMMON_BLOCKS = YES;
				GCC_OPTIMIZATION_LEVEL = 0;
				GCC_PREPROCESSOR_DEFINITIONS = (
					"DEBUG=1",
					"$(inherited)",
				);
				GCC_WARN_64_TO_32_BIT_CONVERSION = YES;
				GCC_WARN_ABOUT_RETURN_TYPE = YES_ERROR;
				GCC_WARN_UNDECLARED_SELECTOR = YES;
				GCC_WARN_UNINITIALIZED_AUTOS = YES_AGGRESSIVE;
				GCC_WARN_UNUSED_FUNCTION = YES;
				GCC_WARN_UNUSED_VARIABLE = YES;
				IPHONEOS_DEPLOYMENT_TARGET = 10.2;
				MTL_ENABLE_DEBUG_INFO = YES;
				ONLY_ACTIVE_ARCH = YES;
				SDKROOT = iphoneos;
			};
			name = Debug;
		};
		EFB661691E63C19400D2A977 /* Release */ = {
			isa = XCBuildConfiguration;
			buildSettings = {
				ALWAYS_SEARCH_USER_PATHS = NO;
				CLANG_ANALYZER_NONNULL = YES;
				CLANG_CXX_LANGUAGE_STANDARD = "gnu++0x";
				CLANG_CXX_LIBRARY = "libc++";
				CLANG_ENABLE_MODULES = YES;
				CLANG_ENABLE_OBJC_ARC = YES;
				CLANG_WARN_BOOL_CONVERSION = YES;
				CLANG_WARN_CONSTANT_CONVERSION = YES;
				CLANG_WARN_DIRECT_OBJC_ISA_USAGE = YES_ERROR;
				CLANG_WARN_DOCUMENTATION_COMMENTS = YES;
				CLANG_WARN_EMPTY_BODY = YES;
				CLANG_WARN_ENUM_CONVERSION = YES;
				CLANG_WARN_INFINITE_RECURSION = YES;
				CLANG_WARN_INT_CONVERSION = YES;
				CLANG_WARN_OBJC_ROOT_CLASS = YES_ERROR;
				CLANG_WARN_SUSPICIOUS_MOVE = YES;
				CLANG_WARN_UNREACHABLE_CODE = YES;
				CLANG_WARN__DUPLICATE_METHOD_MATCH = YES;
				"CODE_SIGN_IDENTITY[sdk=iphoneos*]" = "iPhone Developer";
				COPY_PHASE_STRIP = NO;
				DEBUG_INFORMATION_FORMAT = "dwarf-with-dsym";
				ENABLE_NS_ASSERTIONS = NO;
				ENABLE_STRICT_OBJC_MSGSEND = YES;
				GCC_C_LANGUAGE_STANDARD = gnu99;
				GCC_NO_COMMON_BLOCKS = YES;
				GCC_WARN_64_TO_32_BIT_CONVERSION = YES;
				GCC_WARN_ABOUT_RETURN_TYPE = YES_ERROR;
				GCC_WARN_UNDECLARED_SELECTOR = YES;
				GCC_WARN_UNINITIALIZED_AUTOS = YES_AGGRESSIVE;
				GCC_WARN_UNUSED_FUNCTION = YES;
				GCC_WARN_UNUSED_VARIABLE = YES;
				IPHONEOS_DEPLOYMENT_TARGET = 10.2;
				MTL_ENABLE_DEBUG_INFO = NO;
				SDKROOT = iphoneos;
				VALIDATE_PRODUCT = YES;
			};
			name = Release;
		};
		EFB6616B1E63C19400D2A977 /* Debug */ = {
			isa = XCBuildConfiguration;
			buildSettings = {
				ASSETCATALOG_COMPILER_APPICON_NAME = AppIcon;
				INFOPLIST_FILE = StoryBoard/Info.plist;
				LD_RUNPATH_SEARCH_PATHS = "$(inherited) @executable_path/Frameworks";
				PRODUCT_BUNDLE_IDENTIFIER = CNT.StoryBoard;
				PRODUCT_NAME = "$(TARGET_NAME)";
			};
			name = Debug;
		};
		EFB6616C1E63C19400D2A977 /* Release */ = {
			isa = XCBuildConfiguration;
			buildSettings = {
				ASSETCATALOG_COMPILER_APPICON_NAME = AppIcon;
				INFOPLIST_FILE = StoryBoard/Info.plist;
				LD_RUNPATH_SEARCH_PATHS = "$(inherited) @executable_path/Frameworks";
				PRODUCT_BUNDLE_IDENTIFIER = CNT.StoryBoard;
				PRODUCT_NAME = "$(TARGET_NAME)";
			};
			name = Release;
		};
/* End XCBuildConfiguration section */

/* Begin XCConfigurationList section */
		EFB6614E1E63C19400D2A977 /* Build configuration list for PBXProject "StoryBoard" */ = {
			isa = XCConfigurationList;
			buildConfigurations = (
				EFB661681E63C19400D2A977 /* Debug */,
				EFB661691E63C19400D2A977 /* Release */,
			);
			defaultConfigurationIsVisible = 0;
			defaultConfigurationName = Release;
		};
		EFB6616A1E63C19400D2A977 /* Build configuration list for PBXNativeTarget "StoryBoard" */ = {
			isa = XCConfigurationList;
			buildConfigurations = (
				EFB6616B1E63C19400D2A977 /* Debug */,
				EFB6616C1E63C19400D2A977 /* Release */,
			);
			defaultConfigurationIsVisible = 0;
		};
/* End XCConfigurationList section */
	};
	rootObject = EFB6614B1E63C19400D2A977 /* Project object */;
}
