// !$*UTF8*$!
{
	archiveVersion = 1;
	classes = {
	};
	objectVersion = 46;
	objects = {

/* Begin PBXBuildFile section */
		EF62DAA81E518C2200FB07D2 /* main.m in Sources */ = {isa = PBXBuildFile; fileRef = EF62DAA71E518C2200FB07D2 /* main.m */; };
		EF62DAAB1E518C2200FB07D2 /* AppDelegate.m in Sources */ = {isa = PBXBuildFile; fileRef = EF62DAAA1E518C2200FB07D2 /* AppDelegate.m */; };
		EF62DAAE1E518C2200FB07D2 /* ViewController.m in Sources */ = {isa = PBXBuildFile; fileRef = EF62DAAD1E518C2200FB07D2 /* ViewController.m */; };
		EF62DAB11E518C2200FB07D2 /* Main.storyboard in Resources */ = {isa = PBXBuildFile; fileRef = EF62DAAF1E518C2200FB07D2 /* Main.storyboard */; };
		EF62DAB31E518C2200FB07D2 /* Assets.xcassets in Resources */ = {isa = PBXBuildFile; fileRef = EF62DAB21E518C2200FB07D2 /* Assets.xcassets */; };
		EF62DAB61E518C2200FB07D2 /* LaunchScreen.storyboard in Resources */ = {isa = PBXBuildFile; fileRef = EF62DAB41E518C2200FB07D2 /* LaunchScreen.storyboard */; };
		EF62DABF1E518E2100FB07D2 /* ViewController2.m in Sources */ = {isa = PBXBuildFile; fileRef = EF62DABE1E518E2100FB07D2 /* ViewController2.m */; };
/* End PBXBuildFile section */

/* Begin PBXFileReference section */
		EF62DAA31E518C2200FB07D2 /* ViewControllerTest.app */ = {isa = PBXFileReference; explicitFileType = wrapper.application; includeInIndex = 0; path = ViewControllerTest.app; sourceTree = BUILT_PRODUCTS_DIR; };
		EF62DAA71E518C2200FB07D2 /* main.m */ = {isa = PBXFileReference; lastKnownFileType = sourcecode.c.objc; path = main.m; sourceTree = "<group>"; };
		EF62DAA91E518C2200FB07D2 /* AppDelegate.h */ = {isa = PBXFileReference; lastKnownFileType = sourcecode.c.h; path = AppDelegate.h; sourceTree = "<group>"; };
		EF62DAAA1E518C2200FB07D2 /* AppDelegate.m */ = {isa = PBXFileReference; lastKnownFileType = sourcecode.c.objc; path = AppDelegate.m; sourceTree = "<group>"; };
		EF62DAAC1E518C2200FB07D2 /* ViewController.h */ = {isa = PBXFileReference; lastKnownFileType = sourcecode.c.h; path = ViewController.h; sourceTree = "<group>"; };
		EF62DAAD1E518C2200FB07D2 /* ViewController.m */ = {isa = PBXFileReference; lastKnownFileType = sourcecode.c.objc; path = ViewController.m; sourceTree = "<group>"; };
		EF62DAB01E518C2200FB07D2 /* Base */ = {isa = PBXFileReference; lastKnownFileType = file.storyboard; name = Base; path = Base.lproj/Main.storyboard; sourceTree = "<group>"; };
		EF62DAB21E518C2200FB07D2 /* Assets.xcassets */ = {isa = PBXFileReference; lastKnownFileType = folder.assetcatalog; path = Assets.xcassets; sourceTree = "<group>"; };
		EF62DAB51E518C2200FB07D2 /* Base */ = {isa = PBXFileReference; lastKnownFileType = file.storyboard; name = Base; path = Base.lproj/LaunchScreen.storyboard; sourceTree = "<group>"; };
		EF62DAB71E518C2200FB07D2 /* Info.plist */ = {isa = PBXFileReference; lastKnownFileType = text.plist.xml; path = Info.plist; sourceTree = "<group>"; };
		EF62DABD1E518E2100FB07D2 /* ViewController2.h */ = {isa = PBXFileReference; fileEncoding = 4; lastKnownFileType = sourcecode.c.h; path = ViewController2.h; sourceTree = "<group>"; };
		EF62DABE1E518E2100FB07D2 /* ViewController2.m */ = {isa = PBXFileReference; fileEncoding = 4; lastKnownFileType = sourcecode.c.objc; path = ViewController2.m; sourceTree = "<group>"; };
/* End PBXFileReference section */

/* Begin PBXFrameworksBuildPhase section */
		EF62DAA01E518C2200FB07D2 /* Frameworks */ = {
			isa = PBXFrameworksBuildPhase;
			buildActionMask = 2147483647;
			files = (
			);
			runOnlyForDeploymentPostprocessing = 0;
		};
/* End PBXFrameworksBuildPhase section */

/* Begin PBXGroup section */
		EF62DA9A1E518C2200FB07D2 = {
			isa = PBXGroup;
			children = (
				EF62DAA51E518C2200FB07D2 /* ViewControllerTest */,
				EF62DAA41E518C2200FB07D2 /* Products */,
			);
			sourceTree = "<group>";
		};
		EF62DAA41E518C2200FB07D2 /* Products */ = {
			isa = PBXGroup;
			children = (
				EF62DAA31E518C2200FB07D2 /* ViewControllerTest.app */,
			);
			name = Products;
			sourceTree = "<group>";
		};
		EF62DAA51E518C2200FB07D2 /* ViewControllerTest */ = {
			isa = PBXGroup;
			children = (
				EF62DAA91E518C2200FB07D2 /* AppDelegate.h */,
				EF62DAAA1E518C2200FB07D2 /* AppDelegate.m */,
				EF62DAAC1E518C2200FB07D2 /* ViewController.h */,
				EF62DAAD1E518C2200FB07D2 /* ViewController.m */,
				EF62DABD1E518E2100FB07D2 /* ViewController2.h */,
				EF62DABE1E518E2100FB07D2 /* ViewController2.m */,
				EF62DAAF1E518C2200FB07D2 /* Main.storyboard */,
				EF62DAB21E518C2200FB07D2 /* Assets.xcassets */,
				EF62DAB41E518C2200FB07D2 /* LaunchScreen.storyboard */,
				EF62DAB71E518C2200FB07D2 /* Info.plist */,
				EF62DAA61E518C2200FB07D2 /* Supporting Files */,
			);
			path = ViewControllerTest;
			sourceTree = "<group>";
		};
		EF62DAA61E518C2200FB07D2 /* Supporting Files */ = {
			isa = PBXGroup;
			children = (
				EF62DAA71E518C2200FB07D2 /* main.m */,
			);
			name = "Supporting Files";
			sourceTree = "<group>";
		};
/* End PBXGroup section */

/* Begin PBXNativeTarget section */
		EF62DAA21E518C2200FB07D2 /* ViewControllerTest */ = {
			isa = PBXNativeTarget;
			buildConfigurationList = EF62DABA1E518C2200FB07D2 /* Build configuration list for PBXNativeTarget "ViewControllerTest" */;
			buildPhases = (
				EF62DA9F1E518C2200FB07D2 /* Sources */,
				EF62DAA01E518C2200FB07D2 /* Frameworks */,
				EF62DAA11E518C2200FB07D2 /* Resources */,
			);
			buildRules = (
			);
			dependencies = (
			);
			name = ViewControllerTest;
			productName = ViewControllerTest;
			productReference = EF62DAA31E518C2200FB07D2 /* ViewControllerTest.app */;
			productType = "com.apple.product-type.application";
		};
/* End PBXNativeTarget section */

/* Begin PBXProject section */
		EF62DA9B1E518C2200FB07D2 /* Project object */ = {
			isa = PBXProject;
			attributes = {
				LastUpgradeCheck = 0820;
				ORGANIZATIONNAME = "Hanson Jung";
				TargetAttributes = {
					EF62DAA21E518C2200FB07D2 = {
						CreatedOnToolsVersion = 8.2.1;
						ProvisioningStyle = Automatic;
					};
				};
			};
			buildConfigurationList = EF62DA9E1E518C2200FB07D2 /* Build configuration list for PBXProject "ViewControllerTest" */;
			compatibilityVersion = "Xcode 3.2";
			developmentRegion = English;
			hasScannedForEncodings = 0;
			knownRegions = (
				en,
				Base,
			);
			mainGroup = EF62DA9A1E518C2200FB07D2;
			productRefGroup = EF62DAA41E518C2200FB07D2 /* Products */;
			projectDirPath = "";
			projectRoot = "";
			targets = (
				EF62DAA21E518C2200FB07D2 /* ViewControllerTest */,
			);
		};
/* End PBXProject section */

/* Begin PBXResourcesBuildPhase section */
		EF62DAA11E518C2200FB07D2 /* Resources */ = {
			isa = PBXResourcesBuildPhase;
			buildActionMask = 2147483647;
			files = (
				EF62DAB61E518C2200FB07D2 /* LaunchScreen.storyboard in Resources */,
				EF62DAB31E518C2200FB07D2 /* Assets.xcassets in Resources */,
				EF62DAB11E518C2200FB07D2 /* Main.storyboard in Resources */,
			);
			runOnlyForDeploymentPostprocessing = 0;
		};
/* End PBXResourcesBuildPhase section */

/* Begin PBXSourcesBuildPhase section */
		EF62DA9F1E518C2200FB07D2 /* Sources */ = {
			isa = PBXSourcesBuildPhase;
			buildActionMask = 2147483647;
			files = (
				EF62DAAE1E518C2200FB07D2 /* ViewController.m in Sources */,
				EF62DABF1E518E2100FB07D2 /* ViewController2.m in Sources */,
				EF62DAAB1E518C2200FB07D2 /* AppDelegate.m in Sources */,
				EF62DAA81E518C2200FB07D2 /* main.m in Sources */,
			);
			runOnlyForDeploymentPostprocessing = 0;
		};
/* End PBXSourcesBuildPhase section */

/* Begin PBXVariantGroup section */
		EF62DAAF1E518C2200FB07D2 /* Main.storyboard */ = {
			isa = PBXVariantGroup;
			children = (
				EF62DAB01E518C2200FB07D2 /* Base */,
			);
			name = Main.storyboard;
			sourceTree = "<group>";
		};
		EF62DAB41E518C2200FB07D2 /* LaunchScreen.storyboard */ = {
			isa = PBXVariantGroup;
			children = (
				EF62DAB51E518C2200FB07D2 /* Base */,
			);
			name = LaunchScreen.storyboard;
			sourceTree = "<group>";
		};
/* End PBXVariantGroup section */

/* Begin XCBuildConfiguration section */
		EF62DAB81E518C2200FB07D2 /* Debug */ = {
			isa = XCBuildConfiguration;
			buildSettings = {
				ALWAYS_SEARCH_USER_PATHS = NO;
				CLANG_ANALYZER_NONNULL = YES;
				CLANG_CXX_LANGUAGE_STANDARD = "gnu++0x";
				CLANG_CXX_LIBRARY = "libc++";
				CLANG_ENABLE_MODULES = YES;
				CLANG_ENABLE_OBJC_ARC = YES;
				CLANG_WARN_BOOL_CONVERSION = YES;
				CLANG_WARN_CONSTANT_CONVERSION = YES;
				CLANG_WARN_DIRECT_OBJC_ISA_USAGE = YES_ERROR;
				CLANG_WARN_DOCUMENTATION_COMMENTS = YES;
				CLANG_WARN_EMPTY_BODY = YES;
				CLANG_WARN_ENUM_CONVERSION = YES;
				CLANG_WARN_INFINITE_RECURSION = YES;
				CLANG_WARN_INT_CONVERSION = YES;
				CLANG_WARN_OBJC_ROOT_CLASS = YES_ERROR;
				CLANG_WARN_SUSPICIOUS_MOVE = YES;
				CLANG_WARN_UNREACHABLE_CODE = YES;
				CLANG_WARN__DUPLICATE_METHOD_MATCH = YES;
				"CODE_SIGN_IDENTITY[sdk=iphoneos*]" = "iPhone Developer";
				COPY_PHASE_STRIP = NO;
				DEBUG_INFORMATION_FORMAT = dwarf;
				ENABLE_STRICT_OBJC_MSGSEND = YES;
				ENABLE_TESTABILITY = YES;
				GCC_C_LANGUAGE_STANDARD = gnu99;
				GCC_DYNAMIC_NO_PIC = NO;
				GCC_NO_COMMON_BLOCKS = YES;
				GCC_OPTIMIZATION_LEVEL = 0;
				GCC_PREPROCESSOR_DEFINITIONS = (
					"DEBUG=1",
					"$(inherited)",
				);
				GCC_WARN_64_TO_32_BIT_CONVERSION = YES;
				GCC_WARN_ABOUT_RETURN_TYPE = YES_ERROR;
				GCC_WARN_UNDECLARED_SELECTOR = YES;
				GCC_WARN_UNINITIALIZED_AUTOS = YES_AGGRESSIVE;
				GCC_WARN_UNUSED_FUNCTION = YES;
				GCC_WARN_UNUSED_VARIABLE = YES;
				IPHONEOS_DEPLOYMENT_TARGET = 10.2;
				MTL_ENABLE_DEBUG_INFO = YES;
				ONLY_ACTIVE_ARCH = YES;
				SDKROOT = iphoneos;
			};
			name = Debug;
		};
		EF62DAB91E518C2200FB07D2 /* Release */ = {
			isa = XCBuildConfiguration;
			buildSettings = {
				ALWAYS_SEARCH_USER_PATHS = NO;
				CLANG_ANALYZER_NONNULL = YES;
				CLANG_CXX_LANGUAGE_STANDARD = "gnu++0x";
				CLANG_CXX_LIBRARY = "libc++";
				CLANG_ENABLE_MODULES = YES;
				CLANG_ENABLE_OBJC_ARC = YES;
				CLANG_WARN_BOOL_CONVERSION = YES;
				CLANG_WARN_CONSTANT_CONVERSION = YES;
				CLANG_WARN_DIRECT_OBJC_ISA_USAGE = YES_ERROR;
				CLANG_WARN_DOCUMENTATION_COMMENTS = YES;
				CLANG_WARN_EMPTY_BODY = YES;
				CLANG_WARN_ENUM_CONVERSION = YES;
				CLANG_WARN_INFINITE_RECURSION = YES;
				CLANG_WARN_INT_CONVERSION = YES;
				CLANG_WARN_OBJC_ROOT_CLASS = YES_ERROR;
				CLANG_WARN_SUSPICIOUS_MOVE = YES;
				CLANG_WARN_UNREACHABLE_CODE = YES;
				CLANG_WARN__DUPLICATE_METHOD_MATCH = YES;
				"CODE_SIGN_IDENTITY[sdk=iphoneos*]" = "iPhone Developer";
				COPY_PHASE_STRIP = NO;
				DEBUG_INFORMATION_FORMAT = "dwarf-with-dsym";
				ENABLE_NS_ASSERTIONS = NO;
				ENABLE_STRICT_OBJC_MSGSEND = YES;
				GCC_C_LANGUAGE_STANDARD = gnu99;
				GCC_NO_COMMON_BLOCKS = YES;
				GCC_WARN_64_TO_32_BIT_CONVERSION = YES;
				GCC_WARN_ABOUT_RETURN_TYPE = YES_ERROR;
				GCC_WARN_UNDECLARED_SELECTOR = YES;
				GCC_WARN_UNINITIALIZED_AUTOS = YES_AGGRESSIVE;
				GCC_WARN_UNUSED_FUNCTION = YES;
				GCC_WARN_UNUSED_VARIABLE = YES;
				IPHONEOS_DEPLOYMENT_TARGET = 10.2;
				MTL_ENABLE_DEBUG_INFO = NO;
				SDKROOT = iphoneos;
				VALIDATE_PRODUCT = YES;
			};
			name = Release;
		};
		EF62DABB1E518C2200FB07D2 /* Debug */ = {
			isa = XCBuildConfiguration;
			buildSettings = {
				ASSETCATALOG_COMPILER_APPICON_NAME = AppIcon;
				INFOPLIST_FILE = ViewControllerTest/Info.plist;
				LD_RUNPATH_SEARCH_PATHS = "$(inherited) @executable_path/Frameworks";
				PRODUCT_BUNDLE_IDENTIFIER = CNT.ViewControllerTest;
				PRODUCT_NAME = "$(TARGET_NAME)";
			};
			name = Debug;
		};
		EF62DABC1E518C2200FB07D2 /* Release */ = {
			isa = XCBuildConfiguration;
			buildSettings = {
				ASSETCATALOG_COMPILER_APPICON_NAME = AppIcon;
				INFOPLIST_FILE = ViewControllerTest/Info.plist;
				LD_RUNPATH_SEARCH_PATHS = "$(inherited) @executable_path/Frameworks";
				PRODUCT_BUNDLE_IDENTIFIER = CNT.ViewControllerTest;
				PRODUCT_NAME = "$(TARGET_NAME)";
			};
			name = Release;
		};
/* End XCBuildConfiguration section */

/* Begin XCConfigurationList section */
		EF62DA9E1E518C2200FB07D2 /* Build configuration list for PBXProject "ViewControllerTest" */ = {
			isa = XCConfigurationList;
			buildConfigurations = (
				EF62DAB81E518C2200FB07D2 /* Debug */,
				EF62DAB91E518C2200FB07D2 /* Release */,
			);
			defaultConfigurationIsVisible = 0;
			defaultConfigurationName = Release;
		};
		EF62DABA1E518C2200FB07D2 /* Build configuration list for PBXNativeTarget "ViewControllerTest" */ = {
			isa = XCConfigurationList;
			buildConfigurations = (
				EF62DABB1E518C2200FB07D2 /* Debug */,
				EF62DABC1E518C2200FB07D2 /* Release */,
			);
			defaultConfigurationIsVisible = 0;
		};
/* End XCConfigurationList section */
	};
	rootObject = EF62DA9B1E518C2200FB07D2 /* Project object */;
}
