// !$*UTF8*$!
{
	archiveVersion = 1;
	classes = {
	};
	objectVersion = 46;
	objects = {

/* Begin PBXBuildFile section */
		EF154C7D1E31F57F00E11090 /* main.m in Sources */ = {isa = PBXBuildFile; fileRef = EF154C7C1E31F57F00E11090 /* main.m */; };
		EF154C851E31F5A700E11090 /* Person.m in Sources */ = {isa = PBXBuildFile; fileRef = EF154C841E31F5A700E11090 /* Person.m */; };
		EF154C881E31F5BB00E11090 /* Man.m in Sources */ = {isa = PBXBuildFile; fileRef = EF154C871E31F5BB00E11090 /* Man.m */; };
		EF154C8B1E31F5CE00E11090 /* Woman.m in Sources */ = {isa = PBXBuildFile; fileRef = EF154C8A1E31F5CE00E11090 /* Woman.m */; };
		EF154C8E1E31F5D900E11090 /* Bank.m in Sources */ = {isa = PBXBuildFile; fileRef = EF154C8D1E31F5D900E11090 /* Bank.m */; };
/* End PBXBuildFile section */

/* Begin PBXCopyFilesBuildPhase section */
		EF154C771E31F57F00E11090 /* CopyFiles */ = {
			isa = PBXCopyFilesBuildPhase;
			buildActionMask = 2147483647;
			dstPath = /usr/share/man/man1/;
			dstSubfolderSpec = 0;
			files = (
			);
			runOnlyForDeploymentPostprocessing = 1;
		};
/* End PBXCopyFilesBuildPhase section */

/* Begin PBXFileReference section */
		EF154C791E31F57F00E11090 /* 0120Quiz */ = {isa = PBXFileReference; explicitFileType = "compiled.mach-o.executable"; includeInIndex = 0; path = 0120Quiz; sourceTree = BUILT_PRODUCTS_DIR; };
		EF154C7C1E31F57F00E11090 /* main.m */ = {isa = PBXFileReference; lastKnownFileType = sourcecode.c.objc; path = main.m; sourceTree = "<group>"; };
		EF154C831E31F5A700E11090 /* Person.h */ = {isa = PBXFileReference; fileEncoding = 4; lastKnownFileType = sourcecode.c.h; path = Person.h; sourceTree = "<group>"; };
		EF154C841E31F5A700E11090 /* Person.m */ = {isa = PBXFileReference; fileEncoding = 4; lastKnownFileType = sourcecode.c.objc; path = Person.m; sourceTree = "<group>"; };
		EF154C861E31F5BB00E11090 /* Man.h */ = {isa = PBXFileReference; fileEncoding = 4; lastKnownFileType = sourcecode.c.h; path = Man.h; sourceTree = "<group>"; };
		EF154C871E31F5BB00E11090 /* Man.m */ = {isa = PBXFileReference; fileEncoding = 4; lastKnownFileType = sourcecode.c.objc; path = Man.m; sourceTree = "<group>"; };
		EF154C891E31F5CE00E11090 /* Woman.h */ = {isa = PBXFileReference; fileEncoding = 4; lastKnownFileType = sourcecode.c.h; path = Woman.h; sourceTree = "<group>"; };
		EF154C8A1E31F5CE00E11090 /* Woman.m */ = {isa = PBXFileReference; fileEncoding = 4; lastKnownFileType = sourcecode.c.objc; path = Woman.m; sourceTree = "<group>"; };
		EF154C8C1E31F5D900E11090 /* Bank.h */ = {isa = PBXFileReference; fileEncoding = 4; lastKnownFileType = sourcecode.c.h; path = Bank.h; sourceTree = "<group>"; };
		EF154C8D1E31F5D900E11090 /* Bank.m */ = {isa = PBXFileReference; fileEncoding = 4; lastKnownFileType = sourcecode.c.objc; path = Bank.m; sourceTree = "<group>"; };
/* End PBXFileReference section */

/* Begin PBXFrameworksBuildPhase section */
		EF154C761E31F57F00E11090 /* Frameworks */ = {
			isa = PBXFrameworksBuildPhase;
			buildActionMask = 2147483647;
			files = (
			);
			runOnlyForDeploymentPostprocessing = 0;
		};
/* End PBXFrameworksBuildPhase section */

/* Begin PBXGroup section */
		EF154C701E31F57F00E11090 = {
			isa = PBXGroup;
			children = (
				EF154C7B1E31F57F00E11090 /* 0120Quiz */,
				EF154C7A1E31F57F00E11090 /* Products */,
			);
			sourceTree = "<group>";
		};
		EF154C7A1E31F57F00E11090 /* Products */ = {
			isa = PBXGroup;
			children = (
				EF154C791E31F57F00E11090 /* 0120Quiz */,
			);
			name = Products;
			sourceTree = "<group>";
		};
		EF154C7B1E31F57F00E11090 /* 0120Quiz */ = {
			isa = PBXGroup;
			children = (
				EF154C7C1E31F57F00E11090 /* main.m */,
				EF154C831E31F5A700E11090 /* Person.h */,
				EF154C841E31F5A700E11090 /* Person.m */,
				EF154C861E31F5BB00E11090 /* Man.h */,
				EF154C871E31F5BB00E11090 /* Man.m */,
				EF154C891E31F5CE00E11090 /* Woman.h */,
				EF154C8A1E31F5CE00E11090 /* Woman.m */,
				EF154C8C1E31F5D900E11090 /* Bank.h */,
				EF154C8D1E31F5D900E11090 /* Bank.m */,
			);
			path = 0120Quiz;
			sourceTree = "<group>";
		};
/* End PBXGroup section */

/* Begin PBXNativeTarget section */
		EF154C781E31F57F00E11090 /* 0120Quiz */ = {
			isa = PBXNativeTarget;
			buildConfigurationList = EF154C801E31F57F00E11090 /* Build configuration list for PBXNativeTarget "0120Quiz" */;
			buildPhases = (
				EF154C751E31F57F00E11090 /* Sources */,
				EF154C761E31F57F00E11090 /* Frameworks */,
				EF154C771E31F57F00E11090 /* CopyFiles */,
			);
			buildRules = (
			);
			dependencies = (
			);
			name = 0120Quiz;
			productName = 0120Quiz;
			productReference = EF154C791E31F57F00E11090 /* 0120Quiz */;
			productType = "com.apple.product-type.tool";
		};
/* End PBXNativeTarget section */

/* Begin PBXProject section */
		EF154C711E31F57F00E11090 /* Project object */ = {
			isa = PBXProject;
			attributes = {
				LastUpgradeCheck = 0820;
				ORGANIZATIONNAME = "Hanson Jung";
				TargetAttributes = {
					EF154C781E31F57F00E11090 = {
						CreatedOnToolsVersion = 8.2.1;
						ProvisioningStyle = Automatic;
					};
				};
			};
			buildConfigurationList = EF154C741E31F57F00E11090 /* Build configuration list for PBXProject "0120Quiz" */;
			compatibilityVersion = "Xcode 3.2";
			developmentRegion = English;
			hasScannedForEncodings = 0;
			knownRegions = (
				en,
			);
			mainGroup = EF154C701E31F57F00E11090;
			productRefGroup = EF154C7A1E31F57F00E11090 /* Products */;
			projectDirPath = "";
			projectRoot = "";
			targets = (
				EF154C781E31F57F00E11090 /* 0120Quiz */,
			);
		};
/* End PBXProject section */

/* Begin PBXSourcesBuildPhase section */
		EF154C751E31F57F00E11090 /* Sources */ = {
			isa = PBXSourcesBuildPhase;
			buildActionMask = 2147483647;
			files = (
				EF154C8E1E31F5D900E11090 /* Bank.m in Sources */,
				EF154C8B1E31F5CE00E11090 /* Woman.m in Sources */,
				EF154C881E31F5BB00E11090 /* Man.m in Sources */,
				EF154C851E31F5A700E11090 /* Person.m in Sources */,
				EF154C7D1E31F57F00E11090 /* main.m in Sources */,
			);
			runOnlyForDeploymentPostprocessing = 0;
		};
/* End PBXSourcesBuildPhase section */

/* Begin XCBuildConfiguration section */
		EF154C7E1E31F57F00E11090 /* Debug */ = {
			isa = XCBuildConfiguration;
			buildSettings = {
				ALWAYS_SEARCH_USER_PATHS = NO;
				CLANG_ANALYZER_NONNULL = YES;
				CLANG_CXX_LANGUAGE_STANDARD = "gnu++0x";
				CLANG_CXX_LIBRARY = "libc++";
				CLANG_ENABLE_MODULES = YES;
				CLANG_ENABLE_OBJC_ARC = YES;
				CLANG_WARN_BOOL_CONVERSION = YES;
				CLANG_WARN_CONSTANT_CONVERSION = YES;
				CLANG_WARN_DIRECT_OBJC_ISA_USAGE = YES_ERROR;
				CLANG_WARN_DOCUMENTATION_COMMENTS = YES;
				CLANG_WARN_EMPTY_BODY = YES;
				CLANG_WARN_ENUM_CONVERSION = YES;
				CLANG_WARN_INFINITE_RECURSION = YES;
				CLANG_WARN_INT_CONVERSION = YES;
				CLANG_WARN_OBJC_ROOT_CLASS = YES_ERROR;
				CLANG_WARN_SUSPICIOUS_MOVE = YES;
				CLANG_WARN_UNREACHABLE_CODE = YES;
				CLANG_WARN__DUPLICATE_METHOD_MATCH = YES;
				CODE_SIGN_IDENTITY = "-";
				COPY_PHASE_STRIP = NO;
				DEBUG_INFORMATION_FORMAT = dwarf;
				ENABLE_STRICT_OBJC_MSGSEND = YES;
				ENABLE_TESTABILITY = YES;
				GCC_C_LANGUAGE_STANDARD = gnu99;
				GCC_DYNAMIC_NO_PIC = NO;
				GCC_NO_COMMON_BLOCKS = YES;
				GCC_OPTIMIZATION_LEVEL = 0;
				GCC_PREPROCESSOR_DEFINITIONS = (
					"DEBUG=1",
					"$(inherited)",
				);
				GCC_WARN_64_TO_32_BIT_CONVERSION = YES;
				GCC_WARN_ABOUT_RETURN_TYPE = YES_ERROR;
				GCC_WARN_UNDECLARED_SELECTOR = YES;
				GCC_WARN_UNINITIALIZED_AUTOS = YES_AGGRESSIVE;
				GCC_WARN_UNUSED_FUNCTION = YES;
				GCC_WARN_UNUSED_VARIABLE = YES;
				MACOSX_DEPLOYMENT_TARGET = 10.12;
				MTL_ENABLE_DEBUG_INFO = YES;
				ONLY_ACTIVE_ARCH = YES;
				SDKROOT = macosx;
			};
			name = Debug;
		};
		EF154C7F1E31F57F00E11090 /* Release */ = {
			isa = XCBuildConfiguration;
			buildSettings = {
				ALWAYS_SEARCH_USER_PATHS = NO;
				CLANG_ANALYZER_NONNULL = YES;
				CLANG_CXX_LANGUAGE_STANDARD = "gnu++0x";
				CLANG_CXX_LIBRARY = "libc++";
				CLANG_ENABLE_MODULES = YES;
				CLANG_ENABLE_OBJC_ARC = YES;
				CLANG_WARN_BOOL_CONVERSION = YES;
				CLANG_WARN_CONSTANT_CONVERSION = YES;
				CLANG_WARN_DIRECT_OBJC_ISA_USAGE = YES_ERROR;
				CLANG_WARN_DOCUMENTATION_COMMENTS = YES;
				CLANG_WARN_EMPTY_BODY = YES;
				CLANG_WARN_ENUM_CONVERSION = YES;
				CLANG_WARN_INFINITE_RECURSION = YES;
				CLANG_WARN_INT_CONVERSION = YES;
				CLANG_WARN_OBJC_ROOT_CLASS = YES_ERROR;
				CLANG_WARN_SUSPICIOUS_MOVE = YES;
				CLANG_WARN_UNREACHABLE_CODE = YES;
				CLANG_WARN__DUPLICATE_METHOD_MATCH = YES;
				CODE_SIGN_IDENTITY = "-";
				COPY_PHASE_STRIP = NO;
				DEBUG_INFORMATION_FORMAT = "dwarf-with-dsym";
				ENABLE_NS_ASSERTIONS = NO;
				ENABLE_STRICT_OBJC_MSGSEND = YES;
				GCC_C_LANGUAGE_STANDARD = gnu99;
				GCC_NO_COMMON_BLOCKS = YES;
				GCC_WARN_64_TO_32_BIT_CONVERSION = YES;
				GCC_WARN_ABOUT_RETURN_TYPE = YES_ERROR;
				GCC_WARN_UNDECLARED_SELECTOR = YES;
				GCC_WARN_UNINITIALIZED_AUTOS = YES_AGGRESSIVE;
				GCC_WARN_UNUSED_FUNCTION = YES;
				GCC_WARN_UNUSED_VARIABLE = YES;
				MACOSX_DEPLOYMENT_TARGET = 10.12;
				MTL_ENABLE_DEBUG_INFO = NO;
				SDKROOT = macosx;
			};
			name = Release;
		};
		EF154C811E31F57F00E11090 /* Debug */ = {
			isa = XCBuildConfiguration;
			buildSettings = {
				PRODUCT_NAME = "$(TARGET_NAME)";
			};
			name = Debug;
		};
		EF154C821E31F57F00E11090 /* Release */ = {
			isa = XCBuildConfiguration;
			buildSettings = {
				PRODUCT_NAME = "$(TARGET_NAME)";
			};
			name = Release;
		};
/* End XCBuildConfiguration section */

/* Begin XCConfigurationList section */
		EF154C741E31F57F00E11090 /* Build configuration list for PBXProject "0120Quiz" */ = {
			isa = XCConfigurationList;
			buildConfigurations = (
				EF154C7E1E31F57F00E11090 /* Debug */,
				EF154C7F1E31F57F00E11090 /* Release */,
			);
			defaultConfigurationIsVisible = 0;
			defaultConfigurationName = Release;
		};
		EF154C801E31F57F00E11090 /* Build configuration list for PBXNativeTarget "0120Quiz" */ = {
			isa = XCConfigurationList;
			buildConfigurations = (
				EF154C811E31F57F00E11090 /* Debug */,
				EF154C821E31F57F00E11090 /* Release */,
			);
			defaultConfigurationIsVisible = 0;
		};
/* End XCConfigurationList section */
	};
	rootObject = EF154C711E31F57F00E11090 /* Project object */;
}
