// !$*UTF8*$!
{
	archiveVersion = 1;
	classes = {
	};
	objectVersion = 46;
	objects = {

/* Begin PBXBuildFile section */
		EF011BEE1E1B709C00961E15 /* main.m in Sources */ = {isa = PBXBuildFile; fileRef = EF011BED1E1B709C00961E15 /* main.m */; };
		EF011BF61E1B70C200961E15 /* Car.m in Sources */ = {isa = PBXBuildFile; fileRef = EF011BF51E1B70C200961E15 /* Car.m */; };
/* End PBXBuildFile section */

/* Begin PBXCopyFilesBuildPhase section */
		EF011BE81E1B709C00961E15 /* CopyFiles */ = {
			isa = PBXCopyFilesBuildPhase;
			buildActionMask = 2147483647;
			dstPath = /usr/share/man/man1/;
			dstSubfolderSpec = 0;
			files = (
			);
			runOnlyForDeploymentPostprocessing = 1;
		};
/* End PBXCopyFilesBuildPhase section */

/* Begin PBXFileReference section */
		EF011BEA1E1B709C00961E15 /* Class */ = {isa = PBXFileReference; explicitFileType = "compiled.mach-o.executable"; includeInIndex = 0; path = Class; sourceTree = BUILT_PRODUCTS_DIR; };
		EF011BED1E1B709C00961E15 /* main.m */ = {isa = PBXFileReference; lastKnownFileType = sourcecode.c.objc; path = main.m; sourceTree = "<group>"; };
		EF011BF41E1B70C200961E15 /* Car.h */ = {isa = PBXFileReference; fileEncoding = 4; lastKnownFileType = sourcecode.c.h; path = Car.h; sourceTree = "<group>"; };
		EF011BF51E1B70C200961E15 /* Car.m */ = {isa = PBXFileReference; fileEncoding = 4; lastKnownFileType = sourcecode.c.objc; path = Car.m; sourceTree = "<group>"; };
/* End PBXFileReference section */

/* Begin PBXFrameworksBuildPhase section */
		EF011BE71E1B709C00961E15 /* Frameworks */ = {
			isa = PBXFrameworksBuildPhase;
			buildActionMask = 2147483647;
			files = (
			);
			runOnlyForDeploymentPostprocessing = 0;
		};
/* End PBXFrameworksBuildPhase section */

/* Begin PBXGroup section */
		EF011BE11E1B709C00961E15 = {
			isa = PBXGroup;
			children = (
				EF011BF41E1B70C200961E15 /* Car.h */,
				EF011BF51E1B70C200961E15 /* Car.m */,
				EF011BEC1E1B709C00961E15 /* Class */,
				EF011BEB1E1B709C00961E15 /* Products */,
			);
			sourceTree = "<group>";
		};
		EF011BEB1E1B709C00961E15 /* Products */ = {
			isa = PBXGroup;
			children = (
				EF011BEA1E1B709C00961E15 /* Class */,
			);
			name = Products;
			sourceTree = "<group>";
		};
		EF011BEC1E1B709C00961E15 /* Class */ = {
			isa = PBXGroup;
			children = (
				EF011BED1E1B709C00961E15 /* main.m */,
			);
			path = Class;
			sourceTree = "<group>";
		};
/* End PBXGroup section */

/* Begin PBXNativeTarget section */
		EF011BE91E1B709C00961E15 /* Class */ = {
			isa = PBXNativeTarget;
			buildConfigurationList = EF011BF11E1B709C00961E15 /* Build configuration list for PBXNativeTarget "Class" */;
			buildPhases = (
				EF011BE61E1B709C00961E15 /* Sources */,
				EF011BE71E1B709C00961E15 /* Frameworks */,
				EF011BE81E1B709C00961E15 /* CopyFiles */,
			);
			buildRules = (
			);
			dependencies = (
			);
			name = Class;
			productName = Class;
			productReference = EF011BEA1E1B709C00961E15 /* Class */;
			productType = "com.apple.product-type.tool";
		};
/* End PBXNativeTarget section */

/* Begin PBXProject section */
		EF011BE21E1B709C00961E15 /* Project object */ = {
			isa = PBXProject;
			attributes = {
				LastUpgradeCheck = 0820;
				ORGANIZATIONNAME = "Hanson Jung";
				TargetAttributes = {
					EF011BE91E1B709C00961E15 = {
						CreatedOnToolsVersion = 8.2.1;
						ProvisioningStyle = Automatic;
					};
				};
			};
			buildConfigurationList = EF011BE51E1B709C00961E15 /* Build configuration list for PBXProject "Class" */;
			compatibilityVersion = "Xcode 3.2";
			developmentRegion = English;
			hasScannedForEncodings = 0;
			knownRegions = (
				en,
			);
			mainGroup = EF011BE11E1B709C00961E15;
			productRefGroup = EF011BEB1E1B709C00961E15 /* Products */;
			projectDirPath = "";
			projectRoot = "";
			targets = (
				EF011BE91E1B709C00961E15 /* Class */,
			);
		};
/* End PBXProject section */

/* Begin PBXSourcesBuildPhase section */
		EF011BE61E1B709C00961E15 /* Sources */ = {
			isa = PBXSourcesBuildPhase;
			buildActionMask = 2147483647;
			files = (
				EF011BF61E1B70C200961E15 /* Car.m in Sources */,
				EF011BEE1E1B709C00961E15 /* main.m in Sources */,
			);
			runOnlyForDeploymentPostprocessing = 0;
		};
/* End PBXSourcesBuildPhase section */

/* Begin XCBuildConfiguration section */
		EF011BEF1E1B709C00961E15 /* Debug */ = {
			isa = XCBuildConfiguration;
			buildSettings = {
				ALWAYS_SEARCH_USER_PATHS = NO;
				CLANG_ANALYZER_NONNULL = YES;
				CLANG_CXX_LANGUAGE_STANDARD = "gnu++0x";
				CLANG_CXX_LIBRARY = "libc++";
				CLANG_ENABLE_MODULES = YES;
				CLANG_ENABLE_OBJC_ARC = YES;
				CLANG_WARN_BOOL_CONVERSION = YES;
				CLANG_WARN_CONSTANT_CONVERSION = YES;
				CLANG_WARN_DIRECT_OBJC_ISA_USAGE = YES_ERROR;
				CLANG_WARN_DOCUMENTATION_COMMENTS = YES;
				CLANG_WARN_EMPTY_BODY = YES;
				CLANG_WARN_ENUM_CONVERSION = YES;
				CLANG_WARN_INFINITE_RECURSION = YES;
				CLANG_WARN_INT_CONVERSION = YES;
				CLANG_WARN_OBJC_ROOT_CLASS = YES_ERROR;
				CLANG_WARN_SUSPICIOUS_MOVE = YES;
				CLANG_WARN_UNREACHABLE_CODE = YES;
				CLANG_WARN__DUPLICATE_METHOD_MATCH = YES;
				CODE_SIGN_IDENTITY = "-";
				COPY_PHASE_STRIP = NO;
				DEBUG_INFORMATION_FORMAT = dwarf;
				ENABLE_STRICT_OBJC_MSGSEND = YES;
				ENABLE_TESTABILITY = YES;
				GCC_C_LANGUAGE_STANDARD = gnu99;
				GCC_DYNAMIC_NO_PIC = NO;
				GCC_NO_COMMON_BLOCKS = YES;
				GCC_OPTIMIZATION_LEVEL = 0;
				GCC_PREPROCESSOR_DEFINITIONS = (
					"DEBUG=1",
					"$(inherited)",
				);
				GCC_WARN_64_TO_32_BIT_CONVERSION = YES;
				GCC_WARN_ABOUT_RETURN_TYPE = YES_ERROR;
				GCC_WARN_UNDECLARED_SELECTOR = YES;
				GCC_WARN_UNINITIALIZED_AUTOS = YES_AGGRESSIVE;
				GCC_WARN_UNUSED_FUNCTION = YES;
				GCC_WARN_UNUSED_VARIABLE = YES;
				MACOSX_DEPLOYMENT_TARGET = 10.12;
				MTL_ENABLE_DEBUG_INFO = YES;
				ONLY_ACTIVE_ARCH = YES;
				SDKROOT = macosx;
			};
			name = Debug;
		};
		EF011BF01E1B709C00961E15 /* Release */ = {
			isa = XCBuildConfiguration;
			buildSettings = {
				ALWAYS_SEARCH_USER_PATHS = NO;
				CLANG_ANALYZER_NONNULL = YES;
				CLANG_CXX_LANGUAGE_STANDARD = "gnu++0x";
				CLANG_CXX_LIBRARY = "libc++";
				CLANG_ENABLE_MODULES = YES;
				CLANG_ENABLE_OBJC_ARC = YES;
				CLANG_WARN_BOOL_CONVERSION = YES;
				CLANG_WARN_CONSTANT_CONVERSION = YES;
				CLANG_WARN_DIRECT_OBJC_ISA_USAGE = YES_ERROR;
				CLANG_WARN_DOCUMENTATION_COMMENTS = YES;
				CLANG_WARN_EMPTY_BODY = YES;
				CLANG_WARN_ENUM_CONVERSION = YES;
				CLANG_WARN_INFINITE_RECURSION = YES;
				CLANG_WARN_INT_CONVERSION = YES;
				CLANG_WARN_OBJC_ROOT_CLASS = YES_ERROR;
				CLANG_WARN_SUSPICIOUS_MOVE = YES;
				CLANG_WARN_UNREACHABLE_CODE = YES;
				CLANG_WARN__DUPLICATE_METHOD_MATCH = YES;
				CODE_SIGN_IDENTITY = "-";
				COPY_PHASE_STRIP = NO;
				DEBUG_INFORMATION_FORMAT = "dwarf-with-dsym";
				ENABLE_NS_ASSERTIONS = NO;
				ENABLE_STRICT_OBJC_MSGSEND = YES;
				GCC_C_LANGUAGE_STANDARD = gnu99;
				GCC_NO_COMMON_BLOCKS = YES;
				GCC_WARN_64_TO_32_BIT_CONVERSION = YES;
				GCC_WARN_ABOUT_RETURN_TYPE = YES_ERROR;
				GCC_WARN_UNDECLARED_SELECTOR = YES;
				GCC_WARN_UNINITIALIZED_AUTOS = YES_AGGRESSIVE;
				GCC_WARN_UNUSED_FUNCTION = YES;
				GCC_WARN_UNUSED_VARIABLE = YES;
				MACOSX_DEPLOYMENT_TARGET = 10.12;
				MTL_ENABLE_DEBUG_INFO = NO;
				SDKROOT = macosx;
			};
			name = Release;
		};
		EF011BF21E1B709C00961E15 /* Debug */ = {
			isa = XCBuildConfiguration;
			buildSettings = {
				PRODUCT_NAME = "$(TARGET_NAME)";
			};
			name = Debug;
		};
		EF011BF31E1B709C00961E15 /* Release */ = {
			isa = XCBuildConfiguration;
			buildSettings = {
				PRODUCT_NAME = "$(TARGET_NAME)";
			};
			name = Release;
		};
/* End XCBuildConfiguration section */

/* Begin XCConfigurationList section */
		EF011BE51E1B709C00961E15 /* Build configuration list for PBXProject "Class" */ = {
			isa = XCConfigurationList;
			buildConfigurations = (
				EF011BEF1E1B709C00961E15 /* Debug */,
				EF011BF01E1B709C00961E15 /* Release */,
			);
			defaultConfigurationIsVisible = 0;
			defaultConfigurationName = Release;
		};
		EF011BF11E1B709C00961E15 /* Build configuration list for PBXNativeTarget "Class" */ = {
			isa = XCConfigurationList;
			buildConfigurations = (
				EF011BF21E1B709C00961E15 /* Debug */,
				EF011BF31E1B709C00961E15 /* Release */,
			);
			defaultConfigurationIsVisible = 0;
		};
/* End XCConfigurationList section */
	};
	rootObject = EF011BE21E1B709C00961E15 /* Project object */;
}
