// !$*UTF8*$!
{
	archiveVersion = 1;
	classes = {
	};
	objectVersion = 46;
	objects = {

/* Begin PBXBuildFile section */
		EF62DC281E568C2400FB07D2 /* main.m in Sources */ = {isa = PBXBuildFile; fileRef = EF62DC271E568C2400FB07D2 /* main.m */; };
		EF62DC2B1E568C2400FB07D2 /* AppDelegate.m in Sources */ = {isa = PBXBuildFile; fileRef = EF62DC2A1E568C2400FB07D2 /* AppDelegate.m */; };
		EF62DC2E1E568C2400FB07D2 /* ViewController.m in Sources */ = {isa = PBXBuildFile; fileRef = EF62DC2D1E568C2400FB07D2 /* ViewController.m */; };
		EF62DC311E568C2400FB07D2 /* Main.storyboard in Resources */ = {isa = PBXBuildFile; fileRef = EF62DC2F1E568C2400FB07D2 /* Main.storyboard */; };
		EF62DC331E568C2400FB07D2 /* Assets.xcassets in Resources */ = {isa = PBXBuildFile; fileRef = EF62DC321E568C2400FB07D2 /* Assets.xcassets */; };
		EF62DC361E568C2400FB07D2 /* LaunchScreen.storyboard in Resources */ = {isa = PBXBuildFile; fileRef = EF62DC341E568C2400FB07D2 /* LaunchScreen.storyboard */; };
		EF62DC571E568D6C00FB07D2 /* MyCustomView.m in Sources */ = {isa = PBXBuildFile; fileRef = EF62DC561E568D6C00FB07D2 /* MyCustomView.m */; };
		EF62DC591E569F9300FB07D2 /* t2.jpg in Resources */ = {isa = PBXBuildFile; fileRef = EF62DC581E569F9300FB07D2 /* t2.jpg */; };
		EF62DC5C1E56A36D00FB07D2 /* MycustomTableViewCell.m in Sources */ = {isa = PBXBuildFile; fileRef = EF62DC5B1E56A36D00FB07D2 /* MycustomTableViewCell.m */; };
		EF62DC5F1E56A88900FB07D2 /* t1.jpg in Resources */ = {isa = PBXBuildFile; fileRef = EF62DC5D1E56A88900FB07D2 /* t1.jpg */; };
		EF62DC601E56A88900FB07D2 /* t3.jpg in Resources */ = {isa = PBXBuildFile; fileRef = EF62DC5E1E56A88900FB07D2 /* t3.jpg */; };
/* End PBXBuildFile section */

/* Begin PBXFileReference section */
		EF62DC231E568C2400FB07D2 /* UITableView.app */ = {isa = PBXFileReference; explicitFileType = wrapper.application; includeInIndex = 0; path = UITableView.app; sourceTree = BUILT_PRODUCTS_DIR; };
		EF62DC271E568C2400FB07D2 /* main.m */ = {isa = PBXFileReference; lastKnownFileType = sourcecode.c.objc; path = main.m; sourceTree = "<group>"; };
		EF62DC291E568C2400FB07D2 /* AppDelegate.h */ = {isa = PBXFileReference; lastKnownFileType = sourcecode.c.h; path = AppDelegate.h; sourceTree = "<group>"; };
		EF62DC2A1E568C2400FB07D2 /* AppDelegate.m */ = {isa = PBXFileReference; lastKnownFileType = sourcecode.c.objc; path = AppDelegate.m; sourceTree = "<group>"; };
		EF62DC2C1E568C2400FB07D2 /* ViewController.h */ = {isa = PBXFileReference; lastKnownFileType = sourcecode.c.h; path = ViewController.h; sourceTree = "<group>"; };
		EF62DC2D1E568C2400FB07D2 /* ViewController.m */ = {isa = PBXFileReference; lastKnownFileType = sourcecode.c.objc; path = ViewController.m; sourceTree = "<group>"; };
		EF62DC301E568C2400FB07D2 /* Base */ = {isa = PBXFileReference; lastKnownFileType = file.storyboard; name = Base; path = Base.lproj/Main.storyboard; sourceTree = "<group>"; };
		EF62DC321E568C2400FB07D2 /* Assets.xcassets */ = {isa = PBXFileReference; lastKnownFileType = folder.assetcatalog; path = Assets.xcassets; sourceTree = "<group>"; };
		EF62DC351E568C2400FB07D2 /* Base */ = {isa = PBXFileReference; lastKnownFileType = file.storyboard; name = Base; path = Base.lproj/LaunchScreen.storyboard; sourceTree = "<group>"; };
		EF62DC371E568C2400FB07D2 /* Info.plist */ = {isa = PBXFileReference; lastKnownFileType = text.plist.xml; path = Info.plist; sourceTree = "<group>"; };
		EF62DC551E568D6C00FB07D2 /* MyCustomView.h */ = {isa = PBXFileReference; fileEncoding = 4; lastKnownFileType = sourcecode.c.h; path = MyCustomView.h; sourceTree = "<group>"; };
		EF62DC561E568D6C00FB07D2 /* MyCustomView.m */ = {isa = PBXFileReference; fileEncoding = 4; lastKnownFileType = sourcecode.c.objc; path = MyCustomView.m; sourceTree = "<group>"; };
		EF62DC581E569F9300FB07D2 /* t2.jpg */ = {isa = PBXFileReference; lastKnownFileType = image.jpeg; path = t2.jpg; sourceTree = "<group>"; };
		EF62DC5A1E56A36D00FB07D2 /* MycustomTableViewCell.h */ = {isa = PBXFileReference; fileEncoding = 4; lastKnownFileType = sourcecode.c.h; path = MycustomTableViewCell.h; sourceTree = "<group>"; };
		EF62DC5B1E56A36D00FB07D2 /* MycustomTableViewCell.m */ = {isa = PBXFileReference; fileEncoding = 4; lastKnownFileType = sourcecode.c.objc; path = MycustomTableViewCell.m; sourceTree = "<group>"; };
		EF62DC5D1E56A88900FB07D2 /* t1.jpg */ = {isa = PBXFileReference; lastKnownFileType = image.jpeg; path = t1.jpg; sourceTree = "<group>"; };
		EF62DC5E1E56A88900FB07D2 /* t3.jpg */ = {isa = PBXFileReference; lastKnownFileType = image.jpeg; path = t3.jpg; sourceTree = "<group>"; };
/* End PBXFileReference section */

/* Begin PBXFrameworksBuildPhase section */
		EF62DC201E568C2400FB07D2 /* Frameworks */ = {
			isa = PBXFrameworksBuildPhase;
			buildActionMask = 2147483647;
			files = (
			);
			runOnlyForDeploymentPostprocessing = 0;
		};
/* End PBXFrameworksBuildPhase section */

/* Begin PBXGroup section */
		EF62DC1A1E568C2400FB07D2 = {
			isa = PBXGroup;
			children = (
				EF62DC251E568C2400FB07D2 /* UITableView */,
				EF62DC241E568C2400FB07D2 /* Products */,
			);
			sourceTree = "<group>";
		};
		EF62DC241E568C2400FB07D2 /* Products */ = {
			isa = PBXGroup;
			children = (
				EF62DC231E568C2400FB07D2 /* UITableView.app */,
			);
			name = Products;
			sourceTree = "<group>";
		};
		EF62DC251E568C2400FB07D2 /* UITableView */ = {
			isa = PBXGroup;
			children = (
				EF62DC291E568C2400FB07D2 /* AppDelegate.h */,
				EF62DC2A1E568C2400FB07D2 /* AppDelegate.m */,
				EF62DC2C1E568C2400FB07D2 /* ViewController.h */,
				EF62DC2D1E568C2400FB07D2 /* ViewController.m */,
				EF62DC5A1E56A36D00FB07D2 /* MycustomTableViewCell.h */,
				EF62DC5B1E56A36D00FB07D2 /* MycustomTableViewCell.m */,
				EF62DC551E568D6C00FB07D2 /* MyCustomView.h */,
				EF62DC561E568D6C00FB07D2 /* MyCustomView.m */,
				EF62DC2F1E568C2400FB07D2 /* Main.storyboard */,
				EF62DC321E568C2400FB07D2 /* Assets.xcassets */,
				EF62DC581E569F9300FB07D2 /* t2.jpg */,
				EF62DC5D1E56A88900FB07D2 /* t1.jpg */,
				EF62DC5E1E56A88900FB07D2 /* t3.jpg */,
				EF62DC341E568C2400FB07D2 /* LaunchScreen.storyboard */,
				EF62DC371E568C2400FB07D2 /* Info.plist */,
				EF62DC261E568C2400FB07D2 /* Supporting Files */,
			);
			path = UITableView;
			sourceTree = "<group>";
		};
		EF62DC261E568C2400FB07D2 /* Supporting Files */ = {
			isa = PBXGroup;
			children = (
				EF62DC271E568C2400FB07D2 /* main.m */,
			);
			name = "Supporting Files";
			sourceTree = "<group>";
		};
/* End PBXGroup section */

/* Begin PBXNativeTarget section */
		EF62DC221E568C2400FB07D2 /* UITableView */ = {
			isa = PBXNativeTarget;
			buildConfigurationList = EF62DC3A1E568C2400FB07D2 /* Build configuration list for PBXNativeTarget "UITableView" */;
			buildPhases = (
				EF62DC1F1E568C2400FB07D2 /* Sources */,
				EF62DC201E568C2400FB07D2 /* Frameworks */,
				EF62DC211E568C2400FB07D2 /* Resources */,
			);
			buildRules = (
			);
			dependencies = (
			);
			name = UITableView;
			productName = UITableView;
			productReference = EF62DC231E568C2400FB07D2 /* UITableView.app */;
			productType = "com.apple.product-type.application";
		};
/* End PBXNativeTarget section */

/* Begin PBXProject section */
		EF62DC1B1E568C2400FB07D2 /* Project object */ = {
			isa = PBXProject;
			attributes = {
				LastUpgradeCheck = 0820;
				ORGANIZATIONNAME = "Hanson Jung";
				TargetAttributes = {
					EF62DC221E568C2400FB07D2 = {
						CreatedOnToolsVersion = 8.2.1;
						ProvisioningStyle = Automatic;
					};
				};
			};
			buildConfigurationList = EF62DC1E1E568C2400FB07D2 /* Build configuration list for PBXProject "UITableView" */;
			compatibilityVersion = "Xcode 3.2";
			developmentRegion = English;
			hasScannedForEncodings = 0;
			knownRegions = (
				en,
				Base,
			);
			mainGroup = EF62DC1A1E568C2400FB07D2;
			productRefGroup = EF62DC241E568C2400FB07D2 /* Products */;
			projectDirPath = "";
			projectRoot = "";
			targets = (
				EF62DC221E568C2400FB07D2 /* UITableView */,
			);
		};
/* End PBXProject section */

/* Begin PBXResourcesBuildPhase section */
		EF62DC211E568C2400FB07D2 /* Resources */ = {
			isa = PBXResourcesBuildPhase;
			buildActionMask = 2147483647;
			files = (
				EF62DC5F1E56A88900FB07D2 /* t1.jpg in Resources */,
				EF62DC361E568C2400FB07D2 /* LaunchScreen.storyboard in Resources */,
				EF62DC601E56A88900FB07D2 /* t3.jpg in Resources */,
				EF62DC331E568C2400FB07D2 /* Assets.xcassets in Resources */,
				EF62DC311E568C2400FB07D2 /* Main.storyboard in Resources */,
				EF62DC591E569F9300FB07D2 /* t2.jpg in Resources */,
			);
			runOnlyForDeploymentPostprocessing = 0;
		};
/* End PBXResourcesBuildPhase section */

/* Begin PBXSourcesBuildPhase section */
		EF62DC1F1E568C2400FB07D2 /* Sources */ = {
			isa = PBXSourcesBuildPhase;
			buildActionMask = 2147483647;
			files = (
				EF62DC2E1E568C2400FB07D2 /* ViewController.m in Sources */,
				EF62DC2B1E568C2400FB07D2 /* AppDelegate.m in Sources */,
				EF62DC571E568D6C00FB07D2 /* MyCustomView.m in Sources */,
				EF62DC5C1E56A36D00FB07D2 /* MycustomTableViewCell.m in Sources */,
				EF62DC281E568C2400FB07D2 /* main.m in Sources */,
			);
			runOnlyForDeploymentPostprocessing = 0;
		};
/* End PBXSourcesBuildPhase section */

/* Begin PBXVariantGroup section */
		EF62DC2F1E568C2400FB07D2 /* Main.storyboard */ = {
			isa = PBXVariantGroup;
			children = (
				EF62DC301E568C2400FB07D2 /* Base */,
			);
			name = Main.storyboard;
			sourceTree = "<group>";
		};
		EF62DC341E568C2400FB07D2 /* LaunchScreen.storyboard */ = {
			isa = PBXVariantGroup;
			children = (
				EF62DC351E568C2400FB07D2 /* Base */,
			);
			name = LaunchScreen.storyboard;
			sourceTree = "<group>";
		};
/* End PBXVariantGroup section */

/* Begin XCBuildConfiguration section */
		EF62DC381E568C2400FB07D2 /* Debug */ = {
			isa = XCBuildConfiguration;
			buildSettings = {
				ALWAYS_SEARCH_USER_PATHS = NO;
				CLANG_ANALYZER_NONNULL = YES;
				CLANG_CXX_LANGUAGE_STANDARD = "gnu++0x";
				CLANG_CXX_LIBRARY = "libc++";
				CLANG_ENABLE_MODULES = YES;
				CLANG_ENABLE_OBJC_ARC = YES;
				CLANG_WARN_BOOL_CONVERSION = YES;
				CLANG_WARN_CONSTANT_CONVERSION = YES;
				CLANG_WARN_DIRECT_OBJC_ISA_USAGE = YES_ERROR;
				CLANG_WARN_DOCUMENTATION_COMMENTS = YES;
				CLANG_WARN_EMPTY_BODY = YES;
				CLANG_WARN_ENUM_CONVERSION = YES;
				CLANG_WARN_INFINITE_RECURSION = YES;
				CLANG_WARN_INT_CONVERSION = YES;
				CLANG_WARN_OBJC_ROOT_CLASS = YES_ERROR;
				CLANG_WARN_SUSPICIOUS_MOVE = YES;
				CLANG_WARN_UNREACHABLE_CODE = YES;
				CLANG_WARN__DUPLICATE_METHOD_MATCH = YES;
				"CODE_SIGN_IDENTITY[sdk=iphoneos*]" = "iPhone Developer";
				COPY_PHASE_STRIP = NO;
				DEBUG_INFORMATION_FORMAT = dwarf;
				ENABLE_STRICT_OBJC_MSGSEND = YES;
				ENABLE_TESTABILITY = YES;
				GCC_C_LANGUAGE_STANDARD = gnu99;
				GCC_DYNAMIC_NO_PIC = NO;
				GCC_NO_COMMON_BLOCKS = YES;
				GCC_OPTIMIZATION_LEVEL = 0;
				GCC_PREPROCESSOR_DEFINITIONS = (
					"DEBUG=1",
					"$(inherited)",
				);
				GCC_WARN_64_TO_32_BIT_CONVERSION = YES;
				GCC_WARN_ABOUT_RETURN_TYPE = YES_ERROR;
				GCC_WARN_UNDECLARED_SELECTOR = YES;
				GCC_WARN_UNINITIALIZED_AUTOS = YES_AGGRESSIVE;
				GCC_WARN_UNUSED_FUNCTION = YES;
				GCC_WARN_UNUSED_VARIABLE = YES;
				IPHONEOS_DEPLOYMENT_TARGET = 10.2;
				MTL_ENABLE_DEBUG_INFO = YES;
				ONLY_ACTIVE_ARCH = YES;
				SDKROOT = iphoneos;
			};
			name = Debug;
		};
		EF62DC391E568C2400FB07D2 /* Release */ = {
			isa = XCBuildConfiguration;
			buildSettings = {
				ALWAYS_SEARCH_USER_PATHS = NO;
				CLANG_ANALYZER_NONNULL = YES;
				CLANG_CXX_LANGUAGE_STANDARD = "gnu++0x";
				CLANG_CXX_LIBRARY = "libc++";
				CLANG_ENABLE_MODULES = YES;
				CLANG_ENABLE_OBJC_ARC = YES;
				CLANG_WARN_BOOL_CONVERSION = YES;
				CLANG_WARN_CONSTANT_CONVERSION = YES;
				CLANG_WARN_DIRECT_OBJC_ISA_USAGE = YES_ERROR;
				CLANG_WARN_DOCUMENTATION_COMMENTS = YES;
				CLANG_WARN_EMPTY_BODY = YES;
				CLANG_WARN_ENUM_CONVERSION = YES;
				CLANG_WARN_INFINITE_RECURSION = YES;
				CLANG_WARN_INT_CONVERSION = YES;
				CLANG_WARN_OBJC_ROOT_CLASS = YES_ERROR;
				CLANG_WARN_SUSPICIOUS_MOVE = YES;
				CLANG_WARN_UNREACHABLE_CODE = YES;
				CLANG_WARN__DUPLICATE_METHOD_MATCH = YES;
				"CODE_SIGN_IDENTITY[sdk=iphoneos*]" = "iPhone Developer";
				COPY_PHASE_STRIP = NO;
				DEBUG_INFORMATION_FORMAT = "dwarf-with-dsym";
				ENABLE_NS_ASSERTIONS = NO;
				ENABLE_STRICT_OBJC_MSGSEND = YES;
				GCC_C_LANGUAGE_STANDARD = gnu99;
				GCC_NO_COMMON_BLOCKS = YES;
				GCC_WARN_64_TO_32_BIT_CONVERSION = YES;
				GCC_WARN_ABOUT_RETURN_TYPE = YES_ERROR;
				GCC_WARN_UNDECLARED_SELECTOR = YES;
				GCC_WARN_UNINITIALIZED_AUTOS = YES_AGGRESSIVE;
				GCC_WARN_UNUSED_FUNCTION = YES;
				GCC_WARN_UNUSED_VARIABLE = YES;
				IPHONEOS_DEPLOYMENT_TARGET = 10.2;
				MTL_ENABLE_DEBUG_INFO = NO;
				SDKROOT = iphoneos;
				VALIDATE_PRODUCT = YES;
			};
			name = Release;
		};
		EF62DC3B1E568C2400FB07D2 /* Debug */ = {
			isa = XCBuildConfiguration;
			buildSettings = {
				ASSETCATALOG_COMPILER_APPICON_NAME = AppIcon;
				INFOPLIST_FILE = UITableView/Info.plist;
				LD_RUNPATH_SEARCH_PATHS = "$(inherited) @executable_path/Frameworks";
				PRODUCT_BUNDLE_IDENTIFIER = CNT.UITableView;
				PRODUCT_NAME = "$(TARGET_NAME)";
			};
			name = Debug;
		};
		EF62DC3C1E568C2400FB07D2 /* Release */ = {
			isa = XCBuildConfiguration;
			buildSettings = {
				ASSETCATALOG_COMPILER_APPICON_NAME = AppIcon;
				INFOPLIST_FILE = UITableView/Info.plist;
				LD_RUNPATH_SEARCH_PATHS = "$(inherited) @executable_path/Frameworks";
				PRODUCT_BUNDLE_IDENTIFIER = CNT.UITableView;
				PRODUCT_NAME = "$(TARGET_NAME)";
			};
			name = Release;
		};
/* End XCBuildConfiguration section */

/* Begin XCConfigurationList section */
		EF62DC1E1E568C2400FB07D2 /* Build configuration list for PBXProject "UITableView" */ = {
			isa = XCConfigurationList;
			buildConfigurations = (
				EF62DC381E568C2400FB07D2 /* Debug */,
				EF62DC391E568C2400FB07D2 /* Release */,
			);
			defaultConfigurationIsVisible = 0;
			defaultConfigurationName = Release;
		};
		EF62DC3A1E568C2400FB07D2 /* Build configuration list for PBXNativeTarget "UITableView" */ = {
			isa = XCConfigurationList;
			buildConfigurations = (
				EF62DC3B1E568C2400FB07D2 /* Debug */,
				EF62DC3C1E568C2400FB07D2 /* Release */,
			);
			defaultConfigurationIsVisible = 0;
		};
/* End XCConfigurationList section */
	};
	rootObject = EF62DC1B1E568C2400FB07D2 /* Project object */;
}
