// !$*UTF8*$!
{
	archiveVersion = 1;
	classes = {
	};
	objectVersion = 46;
	objects = {

/* Begin PBXBuildFile section */
		EF1EE55B1E35D3E4006343D7 /* main.m in Sources */ = {isa = PBXBuildFile; fileRef = EF1EE55A1E35D3E4006343D7 /* main.m */; };
		EF1EE5631E35D40F006343D7 /* Square.m in Sources */ = {isa = PBXBuildFile; fileRef = EF1EE5621E35D40F006343D7 /* Square.m */; };
		EF1EE5661E35E3CF006343D7 /* Rectangle.m in Sources */ = {isa = PBXBuildFile; fileRef = EF1EE5651E35E3CF006343D7 /* Rectangle.m */; };
		EF1EE56F1E35F6EF006343D7 /* InchToCm.m in Sources */ = {isa = PBXBuildFile; fileRef = EF1EE56E1E35F6EF006343D7 /* InchToCm.m */; };
		EF1EE5721E36367C006343D7 /* Circle.m in Sources */ = {isa = PBXBuildFile; fileRef = EF1EE5711E36367C006343D7 /* Circle.m */; };
		EF1EE5751E364F80006343D7 /* Triangle.m in Sources */ = {isa = PBXBuildFile; fileRef = EF1EE5741E364F80006343D7 /* Triangle.m */; };
		EF1EE5781E364FAB006343D7 /* Trapezoid.m in Sources */ = {isa = PBXBuildFile; fileRef = EF1EE5771E364FAB006343D7 /* Trapezoid.m */; };
		EF1EE57B1E364FC6006343D7 /* Cone.m in Sources */ = {isa = PBXBuildFile; fileRef = EF1EE57A1E364FC6006343D7 /* Cone.m */; };
/* End PBXBuildFile section */

/* Begin PBXCopyFilesBuildPhase section */
		EF1EE5551E35D3E4006343D7 /* CopyFiles */ = {
			isa = PBXCopyFilesBuildPhase;
			buildActionMask = 2147483647;
			dstPath = /usr/share/man/man1/;
			dstSubfolderSpec = 0;
			files = (
			);
			runOnlyForDeploymentPostprocessing = 1;
		};
/* End PBXCopyFilesBuildPhase section */

/* Begin PBXFileReference section */
		EF1EE5571E35D3E4006343D7 /* 0123DimensionalShapes */ = {isa = PBXFileReference; explicitFileType = "compiled.mach-o.executable"; includeInIndex = 0; path = 0123DimensionalShapes; sourceTree = BUILT_PRODUCTS_DIR; };
		EF1EE55A1E35D3E4006343D7 /* main.m */ = {isa = PBXFileReference; lastKnownFileType = sourcecode.c.objc; path = main.m; sourceTree = "<group>"; };
		EF1EE5611E35D40F006343D7 /* Square.h */ = {isa = PBXFileReference; fileEncoding = 4; lastKnownFileType = sourcecode.c.h; path = Square.h; sourceTree = "<group>"; };
		EF1EE5621E35D40F006343D7 /* Square.m */ = {isa = PBXFileReference; fileEncoding = 4; lastKnownFileType = sourcecode.c.objc; path = Square.m; sourceTree = "<group>"; };
		EF1EE5641E35E3CF006343D7 /* Rectangle.h */ = {isa = PBXFileReference; fileEncoding = 4; lastKnownFileType = sourcecode.c.h; path = Rectangle.h; sourceTree = "<group>"; };
		EF1EE5651E35E3CF006343D7 /* Rectangle.m */ = {isa = PBXFileReference; fileEncoding = 4; lastKnownFileType = sourcecode.c.objc; path = Rectangle.m; sourceTree = "<group>"; };
		EF1EE56D1E35F6EF006343D7 /* InchToCm.h */ = {isa = PBXFileReference; fileEncoding = 4; lastKnownFileType = sourcecode.c.h; path = InchToCm.h; sourceTree = "<group>"; };
		EF1EE56E1E35F6EF006343D7 /* InchToCm.m */ = {isa = PBXFileReference; fileEncoding = 4; lastKnownFileType = sourcecode.c.objc; path = InchToCm.m; sourceTree = "<group>"; };
		EF1EE5701E36367C006343D7 /* Circle.h */ = {isa = PBXFileReference; fileEncoding = 4; lastKnownFileType = sourcecode.c.h; path = Circle.h; sourceTree = "<group>"; };
		EF1EE5711E36367C006343D7 /* Circle.m */ = {isa = PBXFileReference; fileEncoding = 4; lastKnownFileType = sourcecode.c.objc; path = Circle.m; sourceTree = "<group>"; };
		EF1EE5731E364F80006343D7 /* Triangle.h */ = {isa = PBXFileReference; fileEncoding = 4; lastKnownFileType = sourcecode.c.h; path = Triangle.h; sourceTree = "<group>"; };
		EF1EE5741E364F80006343D7 /* Triangle.m */ = {isa = PBXFileReference; fileEncoding = 4; lastKnownFileType = sourcecode.c.objc; path = Triangle.m; sourceTree = "<group>"; };
		EF1EE5761E364FAB006343D7 /* Trapezoid.h */ = {isa = PBXFileReference; fileEncoding = 4; lastKnownFileType = sourcecode.c.h; path = Trapezoid.h; sourceTree = "<group>"; };
		EF1EE5771E364FAB006343D7 /* Trapezoid.m */ = {isa = PBXFileReference; fileEncoding = 4; lastKnownFileType = sourcecode.c.objc; path = Trapezoid.m; sourceTree = "<group>"; };
		EF1EE5791E364FC6006343D7 /* Cone.h */ = {isa = PBXFileReference; fileEncoding = 4; lastKnownFileType = sourcecode.c.h; path = Cone.h; sourceTree = "<group>"; };
		EF1EE57A1E364FC6006343D7 /* Cone.m */ = {isa = PBXFileReference; fileEncoding = 4; lastKnownFileType = sourcecode.c.objc; path = Cone.m; sourceTree = "<group>"; };
/* End PBXFileReference section */

/* Begin PBXFrameworksBuildPhase section */
		EF1EE5541E35D3E4006343D7 /* Frameworks */ = {
			isa = PBXFrameworksBuildPhase;
			buildActionMask = 2147483647;
			files = (
			);
			runOnlyForDeploymentPostprocessing = 0;
		};
/* End PBXFrameworksBuildPhase section */

/* Begin PBXGroup section */
		EF1EE54E1E35D3E4006343D7 = {
			isa = PBXGroup;
			children = (
				EF1EE5591E35D3E4006343D7 /* 0123DimensionalShapes */,
				EF1EE5581E35D3E4006343D7 /* Products */,
			);
			sourceTree = "<group>";
		};
		EF1EE5581E35D3E4006343D7 /* Products */ = {
			isa = PBXGroup;
			children = (
				EF1EE5571E35D3E4006343D7 /* 0123DimensionalShapes */,
			);
			name = Products;
			sourceTree = "<group>";
		};
		EF1EE5591E35D3E4006343D7 /* 0123DimensionalShapes */ = {
			isa = PBXGroup;
			children = (
				EF1EE55A1E35D3E4006343D7 /* main.m */,
				EF1EE5611E35D40F006343D7 /* Square.h */,
				EF1EE5621E35D40F006343D7 /* Square.m */,
				EF1EE5641E35E3CF006343D7 /* Rectangle.h */,
				EF1EE5651E35E3CF006343D7 /* Rectangle.m */,
				EF1EE5701E36367C006343D7 /* Circle.h */,
				EF1EE5711E36367C006343D7 /* Circle.m */,
				EF1EE5731E364F80006343D7 /* Triangle.h */,
				EF1EE5741E364F80006343D7 /* Triangle.m */,
				EF1EE5761E364FAB006343D7 /* Trapezoid.h */,
				EF1EE5771E364FAB006343D7 /* Trapezoid.m */,
				EF1EE5791E364FC6006343D7 /* Cone.h */,
				EF1EE57A1E364FC6006343D7 /* Cone.m */,
				EF1EE56D1E35F6EF006343D7 /* InchToCm.h */,
				EF1EE56E1E35F6EF006343D7 /* InchToCm.m */,
			);
			path = 0123DimensionalShapes;
			sourceTree = "<group>";
		};
/* End PBXGroup section */

/* Begin PBXNativeTarget section */
		EF1EE5561E35D3E4006343D7 /* 0123DimensionalShapes */ = {
			isa = PBXNativeTarget;
			buildConfigurationList = EF1EE55E1E35D3E4006343D7 /* Build configuration list for PBXNativeTarget "0123DimensionalShapes" */;
			buildPhases = (
				EF1EE5531E35D3E4006343D7 /* Sources */,
				EF1EE5541E35D3E4006343D7 /* Frameworks */,
				EF1EE5551E35D3E4006343D7 /* CopyFiles */,
			);
			buildRules = (
			);
			dependencies = (
			);
			name = 0123DimensionalShapes;
			productName = 0123DimensionalShapes;
			productReference = EF1EE5571E35D3E4006343D7 /* 0123DimensionalShapes */;
			productType = "com.apple.product-type.tool";
		};
/* End PBXNativeTarget section */

/* Begin PBXProject section */
		EF1EE54F1E35D3E4006343D7 /* Project object */ = {
			isa = PBXProject;
			attributes = {
				LastUpgradeCheck = 0820;
				ORGANIZATIONNAME = "Hanson Jung";
				TargetAttributes = {
					EF1EE5561E35D3E4006343D7 = {
						CreatedOnToolsVersion = 8.2.1;
						ProvisioningStyle = Automatic;
					};
				};
			};
			buildConfigurationList = EF1EE5521E35D3E4006343D7 /* Build configuration list for PBXProject "0123DimensionalShapes" */;
			compatibilityVersion = "Xcode 3.2";
			developmentRegion = English;
			hasScannedForEncodings = 0;
			knownRegions = (
				en,
			);
			mainGroup = EF1EE54E1E35D3E4006343D7;
			productRefGroup = EF1EE5581E35D3E4006343D7 /* Products */;
			projectDirPath = "";
			projectRoot = "";
			targets = (
				EF1EE5561E35D3E4006343D7 /* 0123DimensionalShapes */,
			);
		};
/* End PBXProject section */

/* Begin PBXSourcesBuildPhase section */
		EF1EE5531E35D3E4006343D7 /* Sources */ = {
			isa = PBXSourcesBuildPhase;
			buildActionMask = 2147483647;
			files = (
				EF1EE5631E35D40F006343D7 /* Square.m in Sources */,
				EF1EE55B1E35D3E4006343D7 /* main.m in Sources */,
				EF1EE5721E36367C006343D7 /* Circle.m in Sources */,
				EF1EE5781E364FAB006343D7 /* Trapezoid.m in Sources */,
				EF1EE56F1E35F6EF006343D7 /* InchToCm.m in Sources */,
				EF1EE5661E35E3CF006343D7 /* Rectangle.m in Sources */,
				EF1EE57B1E364FC6006343D7 /* Cone.m in Sources */,
				EF1EE5751E364F80006343D7 /* Triangle.m in Sources */,
			);
			runOnlyForDeploymentPostprocessing = 0;
		};
/* End PBXSourcesBuildPhase section */

/* Begin XCBuildConfiguration section */
		EF1EE55C1E35D3E4006343D7 /* Debug */ = {
			isa = XCBuildConfiguration;
			buildSettings = {
				ALWAYS_SEARCH_USER_PATHS = NO;
				CLANG_ANALYZER_NONNULL = YES;
				CLANG_CXX_LANGUAGE_STANDARD = "gnu++0x";
				CLANG_CXX_LIBRARY = "libc++";
				CLANG_ENABLE_MODULES = YES;
				CLANG_ENABLE_OBJC_ARC = YES;
				CLANG_WARN_BOOL_CONVERSION = YES;
				CLANG_WARN_CONSTANT_CONVERSION = YES;
				CLANG_WARN_DIRECT_OBJC_ISA_USAGE = YES_ERROR;
				CLANG_WARN_DOCUMENTATION_COMMENTS = YES;
				CLANG_WARN_EMPTY_BODY = YES;
				CLANG_WARN_ENUM_CONVERSION = YES;
				CLANG_WARN_INFINITE_RECURSION = YES;
				CLANG_WARN_INT_CONVERSION = YES;
				CLANG_WARN_OBJC_ROOT_CLASS = YES_ERROR;
				CLANG_WARN_SUSPICIOUS_MOVE = YES;
				CLANG_WARN_UNREACHABLE_CODE = YES;
				CLANG_WARN__DUPLICATE_METHOD_MATCH = YES;
				CODE_SIGN_IDENTITY = "-";
				COPY_PHASE_STRIP = NO;
				DEBUG_INFORMATION_FORMAT = dwarf;
				ENABLE_STRICT_OBJC_MSGSEND = YES;
				ENABLE_TESTABILITY = YES;
				GCC_C_LANGUAGE_STANDARD = gnu99;
				GCC_DYNAMIC_NO_PIC = NO;
				GCC_NO_COMMON_BLOCKS = YES;
				GCC_OPTIMIZATION_LEVEL = 0;
				GCC_PREPROCESSOR_DEFINITIONS = (
					"DEBUG=1",
					"$(inherited)",
				);
				GCC_WARN_64_TO_32_BIT_CONVERSION = YES;
				GCC_WARN_ABOUT_RETURN_TYPE = YES_ERROR;
				GCC_WARN_UNDECLARED_SELECTOR = YES;
				GCC_WARN_UNINITIALIZED_AUTOS = YES_AGGRESSIVE;
				GCC_WARN_UNUSED_FUNCTION = YES;
				GCC_WARN_UNUSED_VARIABLE = YES;
				MACOSX_DEPLOYMENT_TARGET = 10.12;
				MTL_ENABLE_DEBUG_INFO = YES;
				ONLY_ACTIVE_ARCH = YES;
				SDKROOT = macosx;
			};
			name = Debug;
		};
		EF1EE55D1E35D3E4006343D7 /* Release */ = {
			isa = XCBuildConfiguration;
			buildSettings = {
				ALWAYS_SEARCH_USER_PATHS = NO;
				CLANG_ANALYZER_NONNULL = YES;
				CLANG_CXX_LANGUAGE_STANDARD = "gnu++0x";
				CLANG_CXX_LIBRARY = "libc++";
				CLANG_ENABLE_MODULES = YES;
				CLANG_ENABLE_OBJC_ARC = YES;
				CLANG_WARN_BOOL_CONVERSION = YES;
				CLANG_WARN_CONSTANT_CONVERSION = YES;
				CLANG_WARN_DIRECT_OBJC_ISA_USAGE = YES_ERROR;
				CLANG_WARN_DOCUMENTATION_COMMENTS = YES;
				CLANG_WARN_EMPTY_BODY = YES;
				CLANG_WARN_ENUM_CONVERSION = YES;
				CLANG_WARN_INFINITE_RECURSION = YES;
				CLANG_WARN_INT_CONVERSION = YES;
				CLANG_WARN_OBJC_ROOT_CLASS = YES_ERROR;
				CLANG_WARN_SUSPICIOUS_MOVE = YES;
				CLANG_WARN_UNREACHABLE_CODE = YES;
				CLANG_WARN__DUPLICATE_METHOD_MATCH = YES;
				CODE_SIGN_IDENTITY = "-";
				COPY_PHASE_STRIP = NO;
				DEBUG_INFORMATION_FORMAT = "dwarf-with-dsym";
				ENABLE_NS_ASSERTIONS = NO;
				ENABLE_STRICT_OBJC_MSGSEND = YES;
				GCC_C_LANGUAGE_STANDARD = gnu99;
				GCC_NO_COMMON_BLOCKS = YES;
				GCC_WARN_64_TO_32_BIT_CONVERSION = YES;
				GCC_WARN_ABOUT_RETURN_TYPE = YES_ERROR;
				GCC_WARN_UNDECLARED_SELECTOR = YES;
				GCC_WARN_UNINITIALIZED_AUTOS = YES_AGGRESSIVE;
				GCC_WARN_UNUSED_FUNCTION = YES;
				GCC_WARN_UNUSED_VARIABLE = YES;
				MACOSX_DEPLOYMENT_TARGET = 10.12;
				MTL_ENABLE_DEBUG_INFO = NO;
				SDKROOT = macosx;
			};
			name = Release;
		};
		EF1EE55F1E35D3E4006343D7 /* Debug */ = {
			isa = XCBuildConfiguration;
			buildSettings = {
				PRODUCT_NAME = "$(TARGET_NAME)";
			};
			name = Debug;
		};
		EF1EE5601E35D3E4006343D7 /* Release */ = {
			isa = XCBuildConfiguration;
			buildSettings = {
				PRODUCT_NAME = "$(TARGET_NAME)";
			};
			name = Release;
		};
/* End XCBuildConfiguration section */

/* Begin XCConfigurationList section */
		EF1EE5521E35D3E4006343D7 /* Build configuration list for PBXProject "0123DimensionalShapes" */ = {
			isa = XCConfigurationList;
			buildConfigurations = (
				EF1EE55C1E35D3E4006343D7 /* Debug */,
				EF1EE55D1E35D3E4006343D7 /* Release */,
			);
			defaultConfigurationIsVisible = 0;
			defaultConfigurationName = Release;
		};
		EF1EE55E1E35D3E4006343D7 /* Build configuration list for PBXNativeTarget "0123DimensionalShapes" */ = {
			isa = XCConfigurationList;
			buildConfigurations = (
				EF1EE55F1E35D3E4006343D7 /* Debug */,
				EF1EE5601E35D3E4006343D7 /* Release */,
			);
			defaultConfigurationIsVisible = 0;
		};
/* End XCConfigurationList section */
	};
	rootObject = EF1EE54F1E35D3E4006343D7 /* Project object */;
}
