// !$*UTF8*$!
{
	archiveVersion = 1;
	classes = {
	};
	objectVersion = 46;
	objects = {

/* Begin PBXBuildFile section */
		EF154C9C1E33333600E11090 /* main.m in Sources */ = {isa = PBXBuildFile; fileRef = EF154C9B1E33333600E11090 /* main.m */; };
		EF154CA41E33334A00E11090 /* Person.m in Sources */ = {isa = PBXBuildFile; fileRef = EF154CA31E33334A00E11090 /* Person.m */; };
		EF154CA71E33335700E11090 /* Man.m in Sources */ = {isa = PBXBuildFile; fileRef = EF154CA61E33335700E11090 /* Man.m */; };
		EF154CAA1E33336200E11090 /* Woman.m in Sources */ = {isa = PBXBuildFile; fileRef = EF154CA91E33336200E11090 /* Woman.m */; };
		EF154CAD1E33337700E11090 /* Bank.m in Sources */ = {isa = PBXBuildFile; fileRef = EF154CAC1E33337700E11090 /* Bank.m */; };
/* End PBXBuildFile section */

/* Begin PBXCopyFilesBuildPhase section */
		EF154C961E33333600E11090 /* CopyFiles */ = {
			isa = PBXCopyFilesBuildPhase;
			buildActionMask = 2147483647;
			dstPath = /usr/share/man/man1/;
			dstSubfolderSpec = 0;
			files = (
			);
			runOnlyForDeploymentPostprocessing = 1;
		};
/* End PBXCopyFilesBuildPhase section */

/* Begin PBXFileReference section */
		EF154C981E33333600E11090 /* 0121BankDrill */ = {isa = PBXFileReference; explicitFileType = "compiled.mach-o.executable"; includeInIndex = 0; path = 0121BankDrill; sourceTree = BUILT_PRODUCTS_DIR; };
		EF154C9B1E33333600E11090 /* main.m */ = {isa = PBXFileReference; lastKnownFileType = sourcecode.c.objc; path = main.m; sourceTree = "<group>"; };
		EF154CA21E33334A00E11090 /* Person.h */ = {isa = PBXFileReference; fileEncoding = 4; lastKnownFileType = sourcecode.c.h; path = Person.h; sourceTree = "<group>"; };
		EF154CA31E33334A00E11090 /* Person.m */ = {isa = PBXFileReference; fileEncoding = 4; lastKnownFileType = sourcecode.c.objc; path = Person.m; sourceTree = "<group>"; };
		EF154CA51E33335700E11090 /* Man.h */ = {isa = PBXFileReference; fileEncoding = 4; lastKnownFileType = sourcecode.c.h; path = Man.h; sourceTree = "<group>"; };
		EF154CA61E33335700E11090 /* Man.m */ = {isa = PBXFileReference; fileEncoding = 4; lastKnownFileType = sourcecode.c.objc; path = Man.m; sourceTree = "<group>"; };
		EF154CA81E33336200E11090 /* Woman.h */ = {isa = PBXFileReference; fileEncoding = 4; lastKnownFileType = sourcecode.c.h; path = Woman.h; sourceTree = "<group>"; };
		EF154CA91E33336200E11090 /* Woman.m */ = {isa = PBXFileReference; fileEncoding = 4; lastKnownFileType = sourcecode.c.objc; path = Woman.m; sourceTree = "<group>"; };
		EF154CAB1E33337700E11090 /* Bank.h */ = {isa = PBXFileReference; fileEncoding = 4; lastKnownFileType = sourcecode.c.h; path = Bank.h; sourceTree = "<group>"; };
		EF154CAC1E33337700E11090 /* Bank.m */ = {isa = PBXFileReference; fileEncoding = 4; lastKnownFileType = sourcecode.c.objc; path = Bank.m; sourceTree = "<group>"; };
/* End PBXFileReference section */

/* Begin PBXFrameworksBuildPhase section */
		EF154C951E33333600E11090 /* Frameworks */ = {
			isa = PBXFrameworksBuildPhase;
			buildActionMask = 2147483647;
			files = (
			);
			runOnlyForDeploymentPostprocessing = 0;
		};
/* End PBXFrameworksBuildPhase section */

/* Begin PBXGroup section */
		EF154C8F1E33333600E11090 = {
			isa = PBXGroup;
			children = (
				EF154C9A1E33333600E11090 /* 0121BankDrill */,
				EF154C991E33333600E11090 /* Products */,
			);
			sourceTree = "<group>";
		};
		EF154C991E33333600E11090 /* Products */ = {
			isa = PBXGroup;
			children = (
				EF154C981E33333600E11090 /* 0121BankDrill */,
			);
			name = Products;
			sourceTree = "<group>";
		};
		EF154C9A1E33333600E11090 /* 0121BankDrill */ = {
			isa = PBXGroup;
			children = (
				EF154C9B1E33333600E11090 /* main.m */,
				EF154CA21E33334A00E11090 /* Person.h */,
				EF154CA31E33334A00E11090 /* Person.m */,
				EF154CAB1E33337700E11090 /* Bank.h */,
				EF154CAC1E33337700E11090 /* Bank.m */,
				EF154CA51E33335700E11090 /* Man.h */,
				EF154CA61E33335700E11090 /* Man.m */,
				EF154CA81E33336200E11090 /* Woman.h */,
				EF154CA91E33336200E11090 /* Woman.m */,
			);
			path = 0121BankDrill;
			sourceTree = "<group>";
		};
/* End PBXGroup section */

/* Begin PBXNativeTarget section */
		EF154C971E33333600E11090 /* 0121BankDrill */ = {
			isa = PBXNativeTarget;
			buildConfigurationList = EF154C9F1E33333600E11090 /* Build configuration list for PBXNativeTarget "0121BankDrill" */;
			buildPhases = (
				EF154C941E33333600E11090 /* Sources */,
				EF154C951E33333600E11090 /* Frameworks */,
				EF154C961E33333600E11090 /* CopyFiles */,
			);
			buildRules = (
			);
			dependencies = (
			);
			name = 0121BankDrill;
			productName = 0121BankDrill;
			productReference = EF154C981E33333600E11090 /* 0121BankDrill */;
			productType = "com.apple.product-type.tool";
		};
/* End PBXNativeTarget section */

/* Begin PBXProject section */
		EF154C901E33333600E11090 /* Project object */ = {
			isa = PBXProject;
			attributes = {
				LastUpgradeCheck = 0820;
				ORGANIZATIONNAME = "Hanson Jung";
				TargetAttributes = {
					EF154C971E33333600E11090 = {
						CreatedOnToolsVersion = 8.2.1;
						ProvisioningStyle = Automatic;
					};
				};
			};
			buildConfigurationList = EF154C931E33333600E11090 /* Build configuration list for PBXProject "0121BankDrill" */;
			compatibilityVersion = "Xcode 3.2";
			developmentRegion = English;
			hasScannedForEncodings = 0;
			knownRegions = (
				en,
			);
			mainGroup = EF154C8F1E33333600E11090;
			productRefGroup = EF154C991E33333600E11090 /* Products */;
			projectDirPath = "";
			projectRoot = "";
			targets = (
				EF154C971E33333600E11090 /* 0121BankDrill */,
			);
		};
/* End PBXProject section */

/* Begin PBXSourcesBuildPhase section */
		EF154C941E33333600E11090 /* Sources */ = {
			isa = PBXSourcesBuildPhase;
			buildActionMask = 2147483647;
			files = (
				EF154CAD1E33337700E11090 /* Bank.m in Sources */,
				EF154CAA1E33336200E11090 /* Woman.m in Sources */,
				EF154CA71E33335700E11090 /* Man.m in Sources */,
				EF154CA41E33334A00E11090 /* Person.m in Sources */,
				EF154C9C1E33333600E11090 /* main.m in Sources */,
			);
			runOnlyForDeploymentPostprocessing = 0;
		};
/* End PBXSourcesBuildPhase section */

/* Begin XCBuildConfiguration section */
		EF154C9D1E33333600E11090 /* Debug */ = {
			isa = XCBuildConfiguration;
			buildSettings = {
				ALWAYS_SEARCH_USER_PATHS = NO;
				CLANG_ANALYZER_NONNULL = YES;
				CLANG_CXX_LANGUAGE_STANDARD = "gnu++0x";
				CLANG_CXX_LIBRARY = "libc++";
				CLANG_ENABLE_MODULES = YES;
				CLANG_ENABLE_OBJC_ARC = YES;
				CLANG_WARN_BOOL_CONVERSION = YES;
				CLANG_WARN_CONSTANT_CONVERSION = YES;
				CLANG_WARN_DIRECT_OBJC_ISA_USAGE = YES_ERROR;
				CLANG_WARN_DOCUMENTATION_COMMENTS = YES;
				CLANG_WARN_EMPTY_BODY = YES;
				CLANG_WARN_ENUM_CONVERSION = YES;
				CLANG_WARN_INFINITE_RECURSION = YES;
				CLANG_WARN_INT_CONVERSION = YES;
				CLANG_WARN_OBJC_ROOT_CLASS = YES_ERROR;
				CLANG_WARN_SUSPICIOUS_MOVE = YES;
				CLANG_WARN_UNREACHABLE_CODE = YES;
				CLANG_WARN__DUPLICATE_METHOD_MATCH = YES;
				CODE_SIGN_IDENTITY = "-";
				COPY_PHASE_STRIP = NO;
				DEBUG_INFORMATION_FORMAT = dwarf;
				ENABLE_STRICT_OBJC_MSGSEND = YES;
				ENABLE_TESTABILITY = YES;
				GCC_C_LANGUAGE_STANDARD = gnu99;
				GCC_DYNAMIC_NO_PIC = NO;
				GCC_NO_COMMON_BLOCKS = YES;
				GCC_OPTIMIZATION_LEVEL = 0;
				GCC_PREPROCESSOR_DEFINITIONS = (
					"DEBUG=1",
					"$(inherited)",
				);
				GCC_WARN_64_TO_32_BIT_CONVERSION = YES;
				GCC_WARN_ABOUT_RETURN_TYPE = YES_ERROR;
				GCC_WARN_UNDECLARED_SELECTOR = YES;
				GCC_WARN_UNINITIALIZED_AUTOS = YES_AGGRESSIVE;
				GCC_WARN_UNUSED_FUNCTION = YES;
				GCC_WARN_UNUSED_VARIABLE = YES;
				MACOSX_DEPLOYMENT_TARGET = 10.12;
				MTL_ENABLE_DEBUG_INFO = YES;
				ONLY_ACTIVE_ARCH = YES;
				SDKROOT = macosx;
			};
			name = Debug;
		};
		EF154C9E1E33333600E11090 /* Release */ = {
			isa = XCBuildConfiguration;
			buildSettings = {
				ALWAYS_SEARCH_USER_PATHS = NO;
				CLANG_ANALYZER_NONNULL = YES;
				CLANG_CXX_LANGUAGE_STANDARD = "gnu++0x";
				CLANG_CXX_LIBRARY = "libc++";
				CLANG_ENABLE_MODULES = YES;
				CLANG_ENABLE_OBJC_ARC = YES;
				CLANG_WARN_BOOL_CONVERSION = YES;
				CLANG_WARN_CONSTANT_CONVERSION = YES;
				CLANG_WARN_DIRECT_OBJC_ISA_USAGE = YES_ERROR;
				CLANG_WARN_DOCUMENTATION_COMMENTS = YES;
				CLANG_WARN_EMPTY_BODY = YES;
				CLANG_WARN_ENUM_CONVERSION = YES;
				CLANG_WARN_INFINITE_RECURSION = YES;
				CLANG_WARN_INT_CONVERSION = YES;
				CLANG_WARN_OBJC_ROOT_CLASS = YES_ERROR;
				CLANG_WARN_SUSPICIOUS_MOVE = YES;
				CLANG_WARN_UNREACHABLE_CODE = YES;
				CLANG_WARN__DUPLICATE_METHOD_MATCH = YES;
				CODE_SIGN_IDENTITY = "-";
				COPY_PHASE_STRIP = NO;
				DEBUG_INFORMATION_FORMAT = "dwarf-with-dsym";
				ENABLE_NS_ASSERTIONS = NO;
				ENABLE_STRICT_OBJC_MSGSEND = YES;
				GCC_C_LANGUAGE_STANDARD = gnu99;
				GCC_NO_COMMON_BLOCKS = YES;
				GCC_WARN_64_TO_32_BIT_CONVERSION = YES;
				GCC_WARN_ABOUT_RETURN_TYPE = YES_ERROR;
				GCC_WARN_UNDECLARED_SELECTOR = YES;
				GCC_WARN_UNINITIALIZED_AUTOS = YES_AGGRESSIVE;
				GCC_WARN_UNUSED_FUNCTION = YES;
				GCC_WARN_UNUSED_VARIABLE = YES;
				MACOSX_DEPLOYMENT_TARGET = 10.12;
				MTL_ENABLE_DEBUG_INFO = NO;
				SDKROOT = macosx;
			};
			name = Release;
		};
		EF154CA01E33333600E11090 /* Debug */ = {
			isa = XCBuildConfiguration;
			buildSettings = {
				PRODUCT_NAME = "$(TARGET_NAME)";
			};
			name = Debug;
		};
		EF154CA11E33333600E11090 /* Release */ = {
			isa = XCBuildConfiguration;
			buildSettings = {
				PRODUCT_NAME = "$(TARGET_NAME)";
			};
			name = Release;
		};
/* End XCBuildConfiguration section */

/* Begin XCConfigurationList section */
		EF154C931E33333600E11090 /* Build configuration list for PBXProject "0121BankDrill" */ = {
			isa = XCConfigurationList;
			buildConfigurations = (
				EF154C9D1E33333600E11090 /* Debug */,
				EF154C9E1E33333600E11090 /* Release */,
			);
			defaultConfigurationIsVisible = 0;
			defaultConfigurationName = Release;
		};
		EF154C9F1E33333600E11090 /* Build configuration list for PBXNativeTarget "0121BankDrill" */ = {
			isa = XCConfigurationList;
			buildConfigurations = (
				EF154CA01E33333600E11090 /* Debug */,
				EF154CA11E33333600E11090 /* Release */,
			);
			defaultConfigurationIsVisible = 0;
			defaultConfigurationName = Release;
		};
/* End XCConfigurationList section */
	};
	rootObject = EF154C901E33333600E11090 /* Project object */;
}
